// !$*UTF8*$!
{
	archiveVersion = 1;
	classes = {
	};
	objectVersion = 51;
	objects = {

/* Begin PBXBuildFile section */
		26111D46252DE80A00587485 /* GoogleService-Info.plist in Resources */ = {isa = PBXBuildFile; fileRef = 26111D45252DE80A00587485 /* GoogleService-Info.plist */; };
		263D7CD92541866400132B9E /* LoginModel.swift in Sources */ = {isa = PBXBuildFile; fileRef = 263D7CD82541866400132B9E /* LoginModel.swift */; };
		2648F2F52542E1DB00CD893A /* ActivityViewController copy.swift in Sources */ = {isa = PBXBuildFile; fileRef = 2648F2F42542E1DB00CD893A /* ActivityViewController copy.swift */; };
		2648F2F92542E1ED00CD893A /* LoginViewController.swift in Sources */ = {isa = PBXBuildFile; fileRef = 2648F2F82542E1ED00CD893A /* LoginViewController.swift */; };
		2648F2FC2542E1EF00CD893A /* LoginViewModel copy.swift in Sources */ = {isa = PBXBuildFile; fileRef = 2648F2FB2542E1EF00CD893A /* LoginViewModel copy.swift */; };
		2652CB5425388A200013827D /* Double.swift in Sources */ = {isa = PBXBuildFile; fileRef = 2652CB5325388A200013827D /* Double.swift */; };
		26893DBC2521DCB900604B44 /* GeoViewController.swift in Sources */ = {isa = PBXBuildFile; fileRef = 26893DBB2521DCB900604B44 /* GeoViewController.swift */; };
		268B25B02539AE82008BC076 /* CircleProgressBar.swift in Sources */ = {isa = PBXBuildFile; fileRef = 268B25AF2539AE82008BC076 /* CircleProgressBar.swift */; };
		268B25B72539BF23008BC076 /* Statistics.storyboard in Resources */ = {isa = PBXBuildFile; fileRef = 268B25B62539BF23008BC076 /* Statistics.storyboard */; };
		268B25BA2539BF43008BC076 /* StatisticsCoordinator.swift in Sources */ = {isa = PBXBuildFile; fileRef = 268B25B92539BF43008BC076 /* StatisticsCoordinator.swift */; };
		268B25C02539C076008BC076 /* StatisticsViewController.swift in Sources */ = {isa = PBXBuildFile; fileRef = 268B25BF2539C076008BC076 /* StatisticsViewController.swift */; };
		268B25C32539C089008BC076 /* StatisticsViewModel.swift in Sources */ = {isa = PBXBuildFile; fileRef = 268B25C22539C089008BC076 /* StatisticsViewModel.swift */; };
		268B25E6253A2361008BC076 /* Calibri-Bold.ttf in Resources */ = {isa = PBXBuildFile; fileRef = 268B25E4253A235A008BC076 /* Calibri-Bold.ttf */; };
		268B25E8253A2364008BC076 /* Calibri-Italic.ttf in Resources */ = {isa = PBXBuildFile; fileRef = 268B25E2253A235A008BC076 /* Calibri-Italic.ttf */; };
		268B25EA253A2366008BC076 /* Calibri-Light.ttf in Resources */ = {isa = PBXBuildFile; fileRef = 268B25E3253A235A008BC076 /* Calibri-Light.ttf */; };
		268B25EC253A2369008BC076 /* Calibri-Regular.ttf in Resources */ = {isa = PBXBuildFile; fileRef = 268B25E5253A235A008BC076 /* Calibri-Regular.ttf */; };
		268B25FE253DCB91008BC076 /* StatisticsViewData.swift in Sources */ = {isa = PBXBuildFile; fileRef = 268B25FD253DCB91008BC076 /* StatisticsViewData.swift */; };
		268B2602253DD023008BC076 /* Const.swift in Sources */ = {isa = PBXBuildFile; fileRef = 268B2601253DD023008BC076 /* Const.swift */; };
		268B260A253F04DB008BC076 /* Achievements.storyboard in Resources */ = {isa = PBXBuildFile; fileRef = 268B2609253F04DB008BC076 /* Achievements.storyboard */; };
		268B2610253F0719008BC076 /* AchievementsViewController.swift in Sources */ = {isa = PBXBuildFile; fileRef = 268B260F253F0719008BC076 /* AchievementsViewController.swift */; };
		268B2613253F0765008BC076 /* AchievementsViewModel.swift in Sources */ = {isa = PBXBuildFile; fileRef = 268B2612253F0765008BC076 /* AchievementsViewModel.swift */; };
		268B2616253F08B6008BC076 /* AchievementsCoordinator.swift in Sources */ = {isa = PBXBuildFile; fileRef = 268B2615253F08B6008BC076 /* AchievementsCoordinator.swift */; };
		268B261D253F0A50008BC076 /* Profile.storyboard in Resources */ = {isa = PBXBuildFile; fileRef = 268B261C253F0A50008BC076 /* Profile.storyboard */; };
		268B2620253F0A63008BC076 /* ProfileCoordinator.swift in Sources */ = {isa = PBXBuildFile; fileRef = 268B261F253F0A63008BC076 /* ProfileCoordinator.swift */; };
		268B2625253F0BF9008BC076 /* ProfileViewController.swift in Sources */ = {isa = PBXBuildFile; fileRef = 268B2624253F0BF9008BC076 /* ProfileViewController.swift */; };
		268B2629253F0C39008BC076 /* ProfileViewModel.swift in Sources */ = {isa = PBXBuildFile; fileRef = 268B2628253F0C39008BC076 /* ProfileViewModel.swift */; };
		26999C98253F2ACC002D1B49 /* AwardModel.swift in Sources */ = {isa = PBXBuildFile; fileRef = 26999C97253F2ACC002D1B49 /* AwardModel.swift */; };
		26999C9E253F2C0F002D1B49 /* AwardCollectionViewCell.swift in Sources */ = {isa = PBXBuildFile; fileRef = 26999C9D253F2C0F002D1B49 /* AwardCollectionViewCell.swift */; };
		26999CC52540A5CC002D1B49 /* ExpandableContentSizeScrollView.swift in Sources */ = {isa = PBXBuildFile; fileRef = 26999CC42540A5CB002D1B49 /* ExpandableContentSizeScrollView.swift */; };
		26999CC82540A5F1002D1B49 /* NSLayoutConstraint.swift in Sources */ = {isa = PBXBuildFile; fileRef = 26999CC72540A5F1002D1B49 /* NSLayoutConstraint.swift */; };
		26D4C78F2523372300F645A3 /* HealthKit.framework in Frameworks */ = {isa = PBXBuildFile; fileRef = 26D4C78E2523372300F645A3 /* HealthKit.framework */; };
		26D4C792252350EA00F645A3 /* HealthKitService.swift in Sources */ = {isa = PBXBuildFile; fileRef = 26D4C791252350EA00F645A3 /* HealthKitService.swift */; };
		26D4C795252369D000F645A3 /* Date.swift in Sources */ = {isa = PBXBuildFile; fileRef = 26D4C794252369D000F645A3 /* Date.swift */; };
		26D4C79925237EC400F645A3 /* ActivityViewData.swift in Sources */ = {isa = PBXBuildFile; fileRef = 26D4C79825237EC400F645A3 /* ActivityViewData.swift */; };
		26D4C7AB252481AF00F645A3 /* UIImageView.swift in Sources */ = {isa = PBXBuildFile; fileRef = 26D4C7AA252481AF00F645A3 /* UIImageView.swift */; };
		44466BB62CC488D70499FA12 /* Pods_Fitnecs.framework in Frameworks */ = {isa = PBXBuildFile; fileRef = 492BC87A6A80A02F3C404DD4 /* Pods_Fitnecs.framework */; };
		CE72CF522520FE6900EEE4FD /* Activity.storyboard in Resources */ = {isa = PBXBuildFile; fileRef = CE72CF512520FE6900EEE4FD /* Activity.storyboard */; };
		CE842E4F251B508E00C4CD96 /* AppDelegate.swift in Sources */ = {isa = PBXBuildFile; fileRef = CE842E4E251B508E00C4CD96 /* AppDelegate.swift */; };
		CE842E5B251B509100C4CD96 /* LaunchScreen.storyboard in Resources */ = {isa = PBXBuildFile; fileRef = CE842E59251B509100C4CD96 /* LaunchScreen.storyboard */; };
		CE8B3F1E25212B5200F4FEED /* Geo.storyboard in Resources */ = {isa = PBXBuildFile; fileRef = CE8B3F1D25212B5200F4FEED /* Geo.storyboard */; };
		CE8B3F2225212CA800F4FEED /* ActivityCoordinator.swift in Sources */ = {isa = PBXBuildFile; fileRef = CE8B3F2125212CA800F4FEED /* ActivityCoordinator.swift */; };
		CE8B3F2525212CE500F4FEED /* GeoCoordinator.swift in Sources */ = {isa = PBXBuildFile; fileRef = CE8B3F2425212CE500F4FEED /* GeoCoordinator.swift */; };
		CE8B3F2925212EAA00F4FEED /* GeoViewModel.swift in Sources */ = {isa = PBXBuildFile; fileRef = CE8B3F2825212EAA00F4FEED /* GeoViewModel.swift */; };
		CEAE8760251B557C00E7EF87 /* AppCoordinator.swift in Sources */ = {isa = PBXBuildFile; fileRef = CEAE875F251B557C00E7EF87 /* AppCoordinator.swift */; };
		CEAE876A251B562700E7EF87 /* Coordinator.swift in Sources */ = {isa = PBXBuildFile; fileRef = CEAE8769251B562700E7EF87 /* Coordinator.swift */; };
		CEAE876E251B573700E7EF87 /* UIWindow+TopController.swift in Sources */ = {isa = PBXBuildFile; fileRef = CEAE876D251B573700E7EF87 /* UIWindow+TopController.swift */; };
		CEAE8777251B57DA00E7EF87 /* AlertViewData.swift in Sources */ = {isa = PBXBuildFile; fileRef = CEAE8772251B57DA00E7EF87 /* AlertViewData.swift */; };
		CEAE8778251B57DA00E7EF87 /* HtmlArticleViewData.swift in Sources */ = {isa = PBXBuildFile; fileRef = CEAE8773251B57DA00E7EF87 /* HtmlArticleViewData.swift */; };
		CEAE8779251B57DA00E7EF87 /* ErrorViewData.swift in Sources */ = {isa = PBXBuildFile; fileRef = CEAE8774251B57DA00E7EF87 /* ErrorViewData.swift */; };
		CEAE877A251B57DA00E7EF87 /* InfoViewData.swift in Sources */ = {isa = PBXBuildFile; fileRef = CEAE8775251B57DA00E7EF87 /* InfoViewData.swift */; };
		CEAE877B251B57DA00E7EF87 /* SmallModalViewData.swift in Sources */ = {isa = PBXBuildFile; fileRef = CEAE8776251B57DA00E7EF87 /* SmallModalViewData.swift */; };
		CEAE877F251B58A100E7EF87 /* Common.storyboard in Resources */ = {isa = PBXBuildFile; fileRef = CEAE877E251B58A100E7EF87 /* Common.storyboard */; };
		CEAE8786251B621600E7EF87 /* AlertViewController.xib in Resources */ = {isa = PBXBuildFile; fileRef = CEAE8781251B621600E7EF87 /* AlertViewController.xib */; };
		CEAE8787251B621600E7EF87 /* AlertViewController.swift in Sources */ = {isa = PBXBuildFile; fileRef = CEAE8782251B621600E7EF87 /* AlertViewController.swift */; };
		CEAE8788251B621600E7EF87 /* SmallModalViewController.swift in Sources */ = {isa = PBXBuildFile; fileRef = CEAE8783251B621600E7EF87 /* SmallModalViewController.swift */; };
		CEAE8789251B621600E7EF87 /* HtmlArticleViewController.swift in Sources */ = {isa = PBXBuildFile; fileRef = CEAE8784251B621600E7EF87 /* HtmlArticleViewController.swift */; };
		CEAE878A251B621600E7EF87 /* InfoViewController.swift in Sources */ = {isa = PBXBuildFile; fileRef = CEAE8785251B621600E7EF87 /* InfoViewController.swift */; };
		CEAE87A5251B63E300E7EF87 /* PopupContentViewController.swift in Sources */ = {isa = PBXBuildFile; fileRef = CEAE8797251B63E300E7EF87 /* PopupContentViewController.swift */; };
		CEAE87A6251B63E300E7EF87 /* PopupContentViewController.xib in Resources */ = {isa = PBXBuildFile; fileRef = CEAE8798251B63E300E7EF87 /* PopupContentViewController.xib */; };
		CEAE87A7251B63E300E7EF87 /* BaseViewController.swift in Sources */ = {isa = PBXBuildFile; fileRef = CEAE879A251B63E300E7EF87 /* BaseViewController.swift */; };
		CEAE87A8251B63E300E7EF87 /* TextFieldViewController.swift in Sources */ = {isa = PBXBuildFile; fileRef = CEAE879B251B63E300E7EF87 /* TextFieldViewController.swift */; };
		CEAE87A9251B63E300E7EF87 /* BaseNavigationController.swift in Sources */ = {isa = PBXBuildFile; fileRef = CEAE879C251B63E300E7EF87 /* BaseNavigationController.swift */; };
		CEAE87AA251B63E300E7EF87 /* InteractivePopRecognizer.swift in Sources */ = {isa = PBXBuildFile; fileRef = CEAE879D251B63E300E7EF87 /* InteractivePopRecognizer.swift */; };
		CEAE87AB251B63E300E7EF87 /* CoverPresentTransitionAnimator.swift in Sources */ = {isa = PBXBuildFile; fileRef = CEAE879F251B63E300E7EF87 /* CoverPresentTransitionAnimator.swift */; };
		CEAE87AC251B63E300E7EF87 /* CoverTransitionInteractor.swift in Sources */ = {isa = PBXBuildFile; fileRef = CEAE87A0251B63E300E7EF87 /* CoverTransitionInteractor.swift */; };
		CEAE87AD251B63E300E7EF87 /* BaseCoverContentViewController.swift in Sources */ = {isa = PBXBuildFile; fileRef = CEAE87A1251B63E300E7EF87 /* BaseCoverContentViewController.swift */; };
		CEAE87AE251B63E300E7EF87 /* CoverTransitionManager.swift in Sources */ = {isa = PBXBuildFile; fileRef = CEAE87A2251B63E300E7EF87 /* CoverTransitionManager.swift */; };
		CEAE87AF251B63E300E7EF87 /* CoverDismissTransitionAnimator.swift in Sources */ = {isa = PBXBuildFile; fileRef = CEAE87A3251B63E300E7EF87 /* CoverDismissTransitionAnimator.swift */; };
		CEAE87B0251B63E300E7EF87 /* BaseCoverContentViewController.xib in Resources */ = {isa = PBXBuildFile; fileRef = CEAE87A4251B63E300E7EF87 /* BaseCoverContentViewController.xib */; };
		CEAE889F251B736600E7EF87 /* Colors.xcassets in Resources */ = {isa = PBXBuildFile; fileRef = CEAE8885251B736600E7EF87 /* Colors.xcassets */; };
		CEAE88A0251B736600E7EF87 /* Localizable.strings in Resources */ = {isa = PBXBuildFile; fileRef = CEAE8886251B736600E7EF87 /* Localizable.strings */; };
		CEAE88A1251B736600E7EF87 /* Images.xcassets in Resources */ = {isa = PBXBuildFile; fileRef = CEAE8887251B736600E7EF87 /* Images.xcassets */; };
		CEAE88BD251B73A500E7EF87 /* strings.swift in Sources */ = {isa = PBXBuildFile; fileRef = CEAE88B9251B73A400E7EF87 /* strings.swift */; };
		CEAE88BE251B73A500E7EF87 /* storyboards.swift in Sources */ = {isa = PBXBuildFile; fileRef = CEAE88BA251B73A400E7EF87 /* storyboards.swift */; };
		CEAE88BF251B73A500E7EF87 /* assets-images.swift in Sources */ = {isa = PBXBuildFile; fileRef = CEAE88BB251B73A500E7EF87 /* assets-images.swift */; };
		CEAE88C0251B73A500E7EF87 /* fonts.swift in Sources */ = {isa = PBXBuildFile; fileRef = CEAE88BC251B73A500E7EF87 /* fonts.swift */; };
		CEAE88C8251B74A400E7EF87 /* AuthorizationAPIService.swift in Sources */ = {isa = PBXBuildFile; fileRef = CEAE88C5251B74A400E7EF87 /* AuthorizationAPIService.swift */; };
		CEAE88C9251B74A400E7EF87 /* BaseAPIService.swift in Sources */ = {isa = PBXBuildFile; fileRef = CEAE88C6251B74A400E7EF87 /* BaseAPIService.swift */; };
		CEAE88CD251B74DA00E7EF87 /* APIConfig.swift in Sources */ = {isa = PBXBuildFile; fileRef = CEAE88CC251B74DA00E7EF87 /* APIConfig.swift */; };
		CEAE88D1251B74FA00E7EF87 /* AuthorizationAPI.swift in Sources */ = {isa = PBXBuildFile; fileRef = CEAE88CF251B74FA00E7EF87 /* AuthorizationAPI.swift */; };
		CEAE88E1251B75EF00E7EF87 /* String+HTML.swift in Sources */ = {isa = PBXBuildFile; fileRef = CEAE88E0251B75EF00E7EF87 /* String+HTML.swift */; };
		CEAE88E9251B770300E7EF87 /* StorageService.swift in Sources */ = {isa = PBXBuildFile; fileRef = CEAE88E8251B770300E7EF87 /* StorageService.swift */; };
		CEAE88FB251B782F00E7EF87 /* ErrorModel.swift in Sources */ = {isa = PBXBuildFile; fileRef = CEAE88F7251B782F00E7EF87 /* ErrorModel.swift */; };
		CEAE88FC251B782F00E7EF87 /* TokenAuthModel.swift in Sources */ = {isa = PBXBuildFile; fileRef = CEAE88F9251B782F00E7EF87 /* TokenAuthModel.swift */; };
		CEAE8906251B797500E7EF87 /* Environment.swift in Sources */ = {isa = PBXBuildFile; fileRef = CEAE8901251B797500E7EF87 /* Environment.swift */; };
		CEAE890D251B7A0800E7EF87 /* UserModel.swift in Sources */ = {isa = PBXBuildFile; fileRef = CEAE890C251B7A0800E7EF87 /* UserModel.swift */; };
		CEAE89BA251B805700E7EF87 /* RootViewModel.swift in Sources */ = {isa = PBXBuildFile; fileRef = CEAE89B5251B805700E7EF87 /* RootViewModel.swift */; };
		CEAE89BB251B805700E7EF87 /* Root.storyboard in Resources */ = {isa = PBXBuildFile; fileRef = CEAE89B6251B805700E7EF87 /* Root.storyboard */; };
		CEAE89BC251B805700E7EF87 /* RootViewController.swift in Sources */ = {isa = PBXBuildFile; fileRef = CEAE89B8251B805700E7EF87 /* RootViewController.swift */; };
		CEAE89BD251B805700E7EF87 /* RootCoordinator.swift in Sources */ = {isa = PBXBuildFile; fileRef = CEAE89B9251B805700E7EF87 /* RootCoordinator.swift */; };
		CEAE89C6251B81D000E7EF87 /* ConfirmationModel.swift in Sources */ = {isa = PBXBuildFile; fileRef = CEAE89C5251B81D000E7EF87 /* ConfirmationModel.swift */; };
		CEAE8A57251CBE1D00E7EF87 /* RoundedView.swift in Sources */ = {isa = PBXBuildFile; fileRef = CEAE8A56251CBE1D00E7EF87 /* RoundedView.swift */; };
		CEAE8AAE251CC0DE00E7EF87 /* Main.storyboard in Resources */ = {isa = PBXBuildFile; fileRef = CEAE8A5F251CC0DD00E7EF87 /* Main.storyboard */; };
		CEAE8AB1251CC0DE00E7EF87 /* MainViewController.swift in Sources */ = {isa = PBXBuildFile; fileRef = CEAE8A63251CC0DD00E7EF87 /* MainViewController.swift */; };
		CEAE8AB5251CC0DE00E7EF87 /* MainCoordinator.swift in Sources */ = {isa = PBXBuildFile; fileRef = CEAE8A67251CC0DD00E7EF87 /* MainCoordinator.swift */; };
		CEAE8AB8251CC0DE00E7EF87 /* MainViewData.swift in Sources */ = {isa = PBXBuildFile; fileRef = CEAE8A6B251CC0DD00E7EF87 /* MainViewData.swift */; };
		CEAE8ACD251CC0DE00E7EF87 /* RegistrationViewModel.swift in Sources */ = {isa = PBXBuildFile; fileRef = CEAE8A86251CC0DE00E7EF87 /* RegistrationViewModel.swift */; };
		CEAE8AD6251CC0DE00E7EF87 /* AuthCoordinator.swift in Sources */ = {isa = PBXBuildFile; fileRef = CEAE8A8F251CC0DE00E7EF87 /* AuthCoordinator.swift */; };
		CEAE8AD7251CC0DF00E7EF87 /* Auth.storyboard in Resources */ = {isa = PBXBuildFile; fileRef = CEAE8A90251CC0DE00E7EF87 /* Auth.storyboard */; };
		CEAE8ADE251CC0DF00E7EF87 /* RegistrationViewController.swift in Sources */ = {isa = PBXBuildFile; fileRef = CEAE8A98251CC0DE00E7EF87 /* RegistrationViewController.swift */; };
		CEAE8AE3251CC0DF00E7EF87 /* LoginViewData.swift in Sources */ = {isa = PBXBuildFile; fileRef = CEAE8A9E251CC0DE00E7EF87 /* LoginViewData.swift */; };
		CEAE8AF3251CC38A00E7EF87 /* MainViewModel.swift in Sources */ = {isa = PBXBuildFile; fileRef = CEAE8AF2251CC38A00E7EF87 /* MainViewModel.swift */; };
		CEAE8B26251CCCAA00E7EF87 /* DateFormatter+DecodingStrategy.swift in Sources */ = {isa = PBXBuildFile; fileRef = CEAE8B25251CCCA900E7EF87 /* DateFormatter+DecodingStrategy.swift */; };
		CEAE8B2A251CD34500E7EF87 /* ValidationService.swift in Sources */ = {isa = PBXBuildFile; fileRef = CEAE8B29251CD34500E7EF87 /* ValidationService.swift */; };
		CEAE8B34251CD42A00E7EF87 /* HtmlArticleViewModel.swift in Sources */ = {isa = PBXBuildFile; fileRef = CEAE8B30251CD42A00E7EF87 /* HtmlArticleViewModel.swift */; };
		CEFAB9432521111900F58048 /* ActivityViewModel.swift in Sources */ = {isa = PBXBuildFile; fileRef = CEFAB9422521111900F58048 /* ActivityViewModel.swift */; };
/* End PBXBuildFile section */

/* Begin PBXFileReference section */
		03A06246C76396DA4E62A50D /* Pods-Fitnecs.release(test).xcconfig */ = {isa = PBXFileReference; includeInIndex = 1; lastKnownFileType = text.xcconfig; name = "Pods-Fitnecs.release(test).xcconfig"; path = "Target Support Files/Pods-Fitnecs/Pods-Fitnecs.release(test).xcconfig"; sourceTree = "<group>"; };
		205ADD6D532C706129052E1A /* Pods-Fitnecs.debug(test).xcconfig */ = {isa = PBXFileReference; includeInIndex = 1; lastKnownFileType = text.xcconfig; name = "Pods-Fitnecs.debug(test).xcconfig"; path = "Target Support Files/Pods-Fitnecs/Pods-Fitnecs.debug(test).xcconfig"; sourceTree = "<group>"; };
		26111D45252DE80A00587485 /* GoogleService-Info.plist */ = {isa = PBXFileReference; fileEncoding = 4; lastKnownFileType = text.plist.xml; path = "GoogleService-Info.plist"; sourceTree = "<group>"; };
		263D7CD82541866400132B9E /* LoginModel.swift */ = {isa = PBXFileReference; lastKnownFileType = sourcecode.swift; path = LoginModel.swift; sourceTree = "<group>"; };
		2648F2912541A05C00CD893A /* Test.xcconfig */ = {isa = PBXFileReference; lastKnownFileType = text.xcconfig; path = Test.xcconfig; sourceTree = "<group>"; };
		2648F2922541A07D00CD893A /* Prod.xcconfig */ = {isa = PBXFileReference; lastKnownFileType = text.xcconfig; path = Prod.xcconfig; sourceTree = "<group>"; };
		2648F2F42542E1DB00CD893A /* ActivityViewController copy.swift */ = {isa = PBXFileReference; lastKnownFileType = sourcecode.swift; path = "ActivityViewController copy.swift"; sourceTree = "<group>"; };
		2648F2F82542E1ED00CD893A /* LoginViewController.swift */ = {isa = PBXFileReference; lastKnownFileType = sourcecode.swift; path = LoginViewController.swift; sourceTree = "<group>"; };
		2648F2FB2542E1EF00CD893A /* LoginViewModel copy.swift */ = {isa = PBXFileReference; lastKnownFileType = sourcecode.swift; path = "LoginViewModel copy.swift"; sourceTree = "<group>"; };
		2652CB5325388A200013827D /* Double.swift */ = {isa = PBXFileReference; lastKnownFileType = sourcecode.swift; path = Double.swift; sourceTree = "<group>"; };
		26893DBB2521DCB900604B44 /* GeoViewController.swift */ = {isa = PBXFileReference; lastKnownFileType = sourcecode.swift; path = GeoViewController.swift; sourceTree = "<group>"; };
		268B25AF2539AE82008BC076 /* CircleProgressBar.swift */ = {isa = PBXFileReference; lastKnownFileType = sourcecode.swift; path = CircleProgressBar.swift; sourceTree = "<group>"; };
		268B25B62539BF23008BC076 /* Statistics.storyboard */ = {isa = PBXFileReference; lastKnownFileType = file.storyboard; path = Statistics.storyboard; sourceTree = "<group>"; };
		268B25B92539BF43008BC076 /* StatisticsCoordinator.swift */ = {isa = PBXFileReference; lastKnownFileType = sourcecode.swift; path = StatisticsCoordinator.swift; sourceTree = "<group>"; };
		268B25BF2539C076008BC076 /* StatisticsViewController.swift */ = {isa = PBXFileReference; lastKnownFileType = sourcecode.swift; path = StatisticsViewController.swift; sourceTree = "<group>"; };
		268B25C22539C089008BC076 /* StatisticsViewModel.swift */ = {isa = PBXFileReference; lastKnownFileType = sourcecode.swift; path = StatisticsViewModel.swift; sourceTree = "<group>"; };
		268B25E2253A235A008BC076 /* Calibri-Italic.ttf */ = {isa = PBXFileReference; lastKnownFileType = file; path = "Calibri-Italic.ttf"; sourceTree = "<group>"; };
		268B25E3253A235A008BC076 /* Calibri-Light.ttf */ = {isa = PBXFileReference; lastKnownFileType = file; path = "Calibri-Light.ttf"; sourceTree = "<group>"; };
		268B25E4253A235A008BC076 /* Calibri-Bold.ttf */ = {isa = PBXFileReference; lastKnownFileType = file; path = "Calibri-Bold.ttf"; sourceTree = "<group>"; };
		268B25E5253A235A008BC076 /* Calibri-Regular.ttf */ = {isa = PBXFileReference; lastKnownFileType = file; path = "Calibri-Regular.ttf"; sourceTree = "<group>"; };
		268B25F4253D7A38008BC076 /* Circe-Light.ttf */ = {isa = PBXFileReference; lastKnownFileType = file; path = "Circe-Light.ttf"; sourceTree = "<group>"; };
		268B25F5253D7A38008BC076 /* Circe-Regular.ttf */ = {isa = PBXFileReference; lastKnownFileType = file; path = "Circe-Regular.ttf"; sourceTree = "<group>"; };
		268B25F6253D7A38008BC076 /* Circe-ExtraBold.ttf */ = {isa = PBXFileReference; lastKnownFileType = file; path = "Circe-ExtraBold.ttf"; sourceTree = "<group>"; };
		268B25F7253D7A38008BC076 /* Circe-ExtraLight.ttf */ = {isa = PBXFileReference; lastKnownFileType = file; path = "Circe-ExtraLight.ttf"; sourceTree = "<group>"; };
		268B25F8253D7A39008BC076 /* Circe-Bold.ttf */ = {isa = PBXFileReference; lastKnownFileType = file; path = "Circe-Bold.ttf"; sourceTree = "<group>"; };
		268B25F9253D7A39008BC076 /* Circe-Thin.ttf */ = {isa = PBXFileReference; lastKnownFileType = file; path = "Circe-Thin.ttf"; sourceTree = "<group>"; };
		268B25FD253DCB91008BC076 /* StatisticsViewData.swift */ = {isa = PBXFileReference; lastKnownFileType = sourcecode.swift; path = StatisticsViewData.swift; sourceTree = "<group>"; };
		268B2601253DD023008BC076 /* Const.swift */ = {isa = PBXFileReference; lastKnownFileType = sourcecode.swift; path = Const.swift; sourceTree = "<group>"; };
		268B2609253F04DB008BC076 /* Achievements.storyboard */ = {isa = PBXFileReference; lastKnownFileType = file.storyboard; path = Achievements.storyboard; sourceTree = "<group>"; };
		268B260F253F0719008BC076 /* AchievementsViewController.swift */ = {isa = PBXFileReference; lastKnownFileType = sourcecode.swift; path = AchievementsViewController.swift; sourceTree = "<group>"; };
		268B2612253F0765008BC076 /* AchievementsViewModel.swift */ = {isa = PBXFileReference; lastKnownFileType = sourcecode.swift; path = AchievementsViewModel.swift; sourceTree = "<group>"; };
		268B2615253F08B6008BC076 /* AchievementsCoordinator.swift */ = {isa = PBXFileReference; lastKnownFileType = sourcecode.swift; path = AchievementsCoordinator.swift; sourceTree = "<group>"; };
		268B261C253F0A50008BC076 /* Profile.storyboard */ = {isa = PBXFileReference; lastKnownFileType = file.storyboard; path = Profile.storyboard; sourceTree = "<group>"; };
		268B261F253F0A63008BC076 /* ProfileCoordinator.swift */ = {isa = PBXFileReference; lastKnownFileType = sourcecode.swift; path = ProfileCoordinator.swift; sourceTree = "<group>"; };
		268B2624253F0BF9008BC076 /* ProfileViewController.swift */ = {isa = PBXFileReference; lastKnownFileType = sourcecode.swift; path = ProfileViewController.swift; sourceTree = "<group>"; };
		268B2628253F0C39008BC076 /* ProfileViewModel.swift */ = {isa = PBXFileReference; lastKnownFileType = sourcecode.swift; path = ProfileViewModel.swift; sourceTree = "<group>"; };
		26999C97253F2ACC002D1B49 /* AwardModel.swift */ = {isa = PBXFileReference; lastKnownFileType = sourcecode.swift; path = AwardModel.swift; sourceTree = "<group>"; };
		26999C9D253F2C0F002D1B49 /* AwardCollectionViewCell.swift */ = {isa = PBXFileReference; lastKnownFileType = sourcecode.swift; path = AwardCollectionViewCell.swift; sourceTree = "<group>"; };
		26999CC42540A5CB002D1B49 /* ExpandableContentSizeScrollView.swift */ = {isa = PBXFileReference; lastKnownFileType = sourcecode.swift; path = ExpandableContentSizeScrollView.swift; sourceTree = "<group>"; };
		26999CC72540A5F1002D1B49 /* NSLayoutConstraint.swift */ = {isa = PBXFileReference; lastKnownFileType = sourcecode.swift; path = NSLayoutConstraint.swift; sourceTree = "<group>"; };
		26D4C78D2523372300F645A3 /* Fitnecs.entitlements */ = {isa = PBXFileReference; lastKnownFileType = text.plist.entitlements; path = Fitnecs.entitlements; sourceTree = "<group>"; };
		26D4C78E2523372300F645A3 /* HealthKit.framework */ = {isa = PBXFileReference; lastKnownFileType = wrapper.framework; name = HealthKit.framework; path = System/Library/Frameworks/HealthKit.framework; sourceTree = SDKROOT; };
		26D4C791252350EA00F645A3 /* HealthKitService.swift */ = {isa = PBXFileReference; lastKnownFileType = sourcecode.swift; path = HealthKitService.swift; sourceTree = "<group>"; };
		26D4C794252369D000F645A3 /* Date.swift */ = {isa = PBXFileReference; lastKnownFileType = sourcecode.swift; path = Date.swift; sourceTree = "<group>"; };
		26D4C79825237EC400F645A3 /* ActivityViewData.swift */ = {isa = PBXFileReference; lastKnownFileType = sourcecode.swift; path = ActivityViewData.swift; sourceTree = "<group>"; };
		26D4C7AA252481AF00F645A3 /* UIImageView.swift */ = {isa = PBXFileReference; lastKnownFileType = sourcecode.swift; path = UIImageView.swift; sourceTree = "<group>"; };
		492BC87A6A80A02F3C404DD4 /* Pods_Fitnecs.framework */ = {isa = PBXFileReference; explicitFileType = wrapper.framework; includeInIndex = 0; path = Pods_Fitnecs.framework; sourceTree = BUILT_PRODUCTS_DIR; };
		5FFD409E509E52EFFAED22AD /* Pods-Fitnecs.debug(prod).xcconfig */ = {isa = PBXFileReference; includeInIndex = 1; lastKnownFileType = text.xcconfig; name = "Pods-Fitnecs.debug(prod).xcconfig"; path = "Target Support Files/Pods-Fitnecs/Pods-Fitnecs.debug(prod).xcconfig"; sourceTree = "<group>"; };
		CE72CF512520FE6900EEE4FD /* Activity.storyboard */ = {isa = PBXFileReference; lastKnownFileType = file.storyboard; path = Activity.storyboard; sourceTree = "<group>"; };
		CE842E4B251B508E00C4CD96 /* Fitnecs.app */ = {isa = PBXFileReference; explicitFileType = wrapper.application; includeInIndex = 0; path = Fitnecs.app; sourceTree = BUILT_PRODUCTS_DIR; };
		CE842E4E251B508E00C4CD96 /* AppDelegate.swift */ = {isa = PBXFileReference; lastKnownFileType = sourcecode.swift; path = AppDelegate.swift; sourceTree = "<group>"; };
		CE842E5A251B509100C4CD96 /* Base */ = {isa = PBXFileReference; lastKnownFileType = file.storyboard; name = Base; path = Base.lproj/LaunchScreen.storyboard; sourceTree = "<group>"; };
		CE842E5C251B509100C4CD96 /* Info.plist */ = {isa = PBXFileReference; lastKnownFileType = text.plist.xml; path = Info.plist; sourceTree = "<group>"; };
		CE8B3F1D25212B5200F4FEED /* Geo.storyboard */ = {isa = PBXFileReference; lastKnownFileType = file.storyboard; path = Geo.storyboard; sourceTree = "<group>"; };
		CE8B3F2125212CA800F4FEED /* ActivityCoordinator.swift */ = {isa = PBXFileReference; lastKnownFileType = sourcecode.swift; path = ActivityCoordinator.swift; sourceTree = "<group>"; };
		CE8B3F2425212CE500F4FEED /* GeoCoordinator.swift */ = {isa = PBXFileReference; lastKnownFileType = sourcecode.swift; path = GeoCoordinator.swift; sourceTree = "<group>"; };
		CE8B3F2825212EAA00F4FEED /* GeoViewModel.swift */ = {isa = PBXFileReference; fileEncoding = 4; lastKnownFileType = sourcecode.swift; path = GeoViewModel.swift; sourceTree = "<group>"; };
		CEAE875F251B557C00E7EF87 /* AppCoordinator.swift */ = {isa = PBXFileReference; lastKnownFileType = sourcecode.swift; path = AppCoordinator.swift; sourceTree = "<group>"; };
		CEAE8769251B562700E7EF87 /* Coordinator.swift */ = {isa = PBXFileReference; fileEncoding = 4; lastKnownFileType = sourcecode.swift; path = Coordinator.swift; sourceTree = "<group>"; };
		CEAE876D251B573700E7EF87 /* UIWindow+TopController.swift */ = {isa = PBXFileReference; fileEncoding = 4; lastKnownFileType = sourcecode.swift; path = "UIWindow+TopController.swift"; sourceTree = "<group>"; };
		CEAE8772251B57DA00E7EF87 /* AlertViewData.swift */ = {isa = PBXFileReference; fileEncoding = 4; lastKnownFileType = sourcecode.swift; path = AlertViewData.swift; sourceTree = "<group>"; };
		CEAE8773251B57DA00E7EF87 /* HtmlArticleViewData.swift */ = {isa = PBXFileReference; fileEncoding = 4; lastKnownFileType = sourcecode.swift; path = HtmlArticleViewData.swift; sourceTree = "<group>"; };
		CEAE8774251B57DA00E7EF87 /* ErrorViewData.swift */ = {isa = PBXFileReference; fileEncoding = 4; lastKnownFileType = sourcecode.swift; path = ErrorViewData.swift; sourceTree = "<group>"; };
		CEAE8775251B57DA00E7EF87 /* InfoViewData.swift */ = {isa = PBXFileReference; fileEncoding = 4; lastKnownFileType = sourcecode.swift; path = InfoViewData.swift; sourceTree = "<group>"; };
		CEAE8776251B57DA00E7EF87 /* SmallModalViewData.swift */ = {isa = PBXFileReference; fileEncoding = 4; lastKnownFileType = sourcecode.swift; path = SmallModalViewData.swift; sourceTree = "<group>"; };
		CEAE877E251B58A100E7EF87 /* Common.storyboard */ = {isa = PBXFileReference; fileEncoding = 4; lastKnownFileType = file.storyboard; path = Common.storyboard; sourceTree = "<group>"; };
		CEAE8781251B621600E7EF87 /* AlertViewController.xib */ = {isa = PBXFileReference; fileEncoding = 4; lastKnownFileType = file.xib; path = AlertViewController.xib; sourceTree = "<group>"; };
		CEAE8782251B621600E7EF87 /* AlertViewController.swift */ = {isa = PBXFileReference; fileEncoding = 4; lastKnownFileType = sourcecode.swift; path = AlertViewController.swift; sourceTree = "<group>"; };
		CEAE8783251B621600E7EF87 /* SmallModalViewController.swift */ = {isa = PBXFileReference; fileEncoding = 4; lastKnownFileType = sourcecode.swift; path = SmallModalViewController.swift; sourceTree = "<group>"; };
		CEAE8784251B621600E7EF87 /* HtmlArticleViewController.swift */ = {isa = PBXFileReference; fileEncoding = 4; lastKnownFileType = sourcecode.swift; path = HtmlArticleViewController.swift; sourceTree = "<group>"; };
		CEAE8785251B621600E7EF87 /* InfoViewController.swift */ = {isa = PBXFileReference; fileEncoding = 4; lastKnownFileType = sourcecode.swift; path = InfoViewController.swift; sourceTree = "<group>"; };
		CEAE8797251B63E300E7EF87 /* PopupContentViewController.swift */ = {isa = PBXFileReference; fileEncoding = 4; lastKnownFileType = sourcecode.swift; path = PopupContentViewController.swift; sourceTree = "<group>"; };
		CEAE8798251B63E300E7EF87 /* PopupContentViewController.xib */ = {isa = PBXFileReference; fileEncoding = 4; lastKnownFileType = file.xib; path = PopupContentViewController.xib; sourceTree = "<group>"; };
		CEAE879A251B63E300E7EF87 /* BaseViewController.swift */ = {isa = PBXFileReference; fileEncoding = 4; lastKnownFileType = sourcecode.swift; path = BaseViewController.swift; sourceTree = "<group>"; };
		CEAE879B251B63E300E7EF87 /* TextFieldViewController.swift */ = {isa = PBXFileReference; fileEncoding = 4; lastKnownFileType = sourcecode.swift; path = TextFieldViewController.swift; sourceTree = "<group>"; };
		CEAE879C251B63E300E7EF87 /* BaseNavigationController.swift */ = {isa = PBXFileReference; fileEncoding = 4; lastKnownFileType = sourcecode.swift; path = BaseNavigationController.swift; sourceTree = "<group>"; };
		CEAE879D251B63E300E7EF87 /* InteractivePopRecognizer.swift */ = {isa = PBXFileReference; fileEncoding = 4; lastKnownFileType = sourcecode.swift; path = InteractivePopRecognizer.swift; sourceTree = "<group>"; };
		CEAE879F251B63E300E7EF87 /* CoverPresentTransitionAnimator.swift */ = {isa = PBXFileReference; fileEncoding = 4; lastKnownFileType = sourcecode.swift; path = CoverPresentTransitionAnimator.swift; sourceTree = "<group>"; };
		CEAE87A0251B63E300E7EF87 /* CoverTransitionInteractor.swift */ = {isa = PBXFileReference; fileEncoding = 4; lastKnownFileType = sourcecode.swift; path = CoverTransitionInteractor.swift; sourceTree = "<group>"; };
		CEAE87A1251B63E300E7EF87 /* BaseCoverContentViewController.swift */ = {isa = PBXFileReference; fileEncoding = 4; lastKnownFileType = sourcecode.swift; path = BaseCoverContentViewController.swift; sourceTree = "<group>"; };
		CEAE87A2251B63E300E7EF87 /* CoverTransitionManager.swift */ = {isa = PBXFileReference; fileEncoding = 4; lastKnownFileType = sourcecode.swift; path = CoverTransitionManager.swift; sourceTree = "<group>"; };
		CEAE87A3251B63E300E7EF87 /* CoverDismissTransitionAnimator.swift */ = {isa = PBXFileReference; fileEncoding = 4; lastKnownFileType = sourcecode.swift; path = CoverDismissTransitionAnimator.swift; sourceTree = "<group>"; };
		CEAE87A4251B63E300E7EF87 /* BaseCoverContentViewController.xib */ = {isa = PBXFileReference; fileEncoding = 4; lastKnownFileType = file.xib; path = BaseCoverContentViewController.xib; sourceTree = "<group>"; };
		CEAE8885251B736600E7EF87 /* Colors.xcassets */ = {isa = PBXFileReference; lastKnownFileType = folder.assetcatalog; path = Colors.xcassets; sourceTree = "<group>"; };
		CEAE8886251B736600E7EF87 /* Localizable.strings */ = {isa = PBXFileReference; fileEncoding = 4; lastKnownFileType = text.plist.strings; path = Localizable.strings; sourceTree = "<group>"; };
		CEAE8887251B736600E7EF87 /* Images.xcassets */ = {isa = PBXFileReference; lastKnownFileType = folder.assetcatalog; path = Images.xcassets; sourceTree = "<group>"; };
		CEAE88B9251B73A400E7EF87 /* strings.swift */ = {isa = PBXFileReference; fileEncoding = 4; lastKnownFileType = sourcecode.swift; path = strings.swift; sourceTree = "<group>"; };
		CEAE88BA251B73A400E7EF87 /* storyboards.swift */ = {isa = PBXFileReference; fileEncoding = 4; lastKnownFileType = sourcecode.swift; path = storyboards.swift; sourceTree = "<group>"; };
		CEAE88BB251B73A500E7EF87 /* assets-images.swift */ = {isa = PBXFileReference; fileEncoding = 4; lastKnownFileType = sourcecode.swift; path = "assets-images.swift"; sourceTree = "<group>"; };
		CEAE88BC251B73A500E7EF87 /* fonts.swift */ = {isa = PBXFileReference; fileEncoding = 4; lastKnownFileType = sourcecode.swift; path = fonts.swift; sourceTree = "<group>"; };
		CEAE88C5251B74A400E7EF87 /* AuthorizationAPIService.swift */ = {isa = PBXFileReference; fileEncoding = 4; lastKnownFileType = sourcecode.swift; path = AuthorizationAPIService.swift; sourceTree = "<group>"; };
		CEAE88C6251B74A400E7EF87 /* BaseAPIService.swift */ = {isa = PBXFileReference; fileEncoding = 4; lastKnownFileType = sourcecode.swift; path = BaseAPIService.swift; sourceTree = "<group>"; };
		CEAE88CC251B74DA00E7EF87 /* APIConfig.swift */ = {isa = PBXFileReference; fileEncoding = 4; lastKnownFileType = sourcecode.swift; path = APIConfig.swift; sourceTree = "<group>"; };
		CEAE88CF251B74FA00E7EF87 /* AuthorizationAPI.swift */ = {isa = PBXFileReference; fileEncoding = 4; lastKnownFileType = sourcecode.swift; path = AuthorizationAPI.swift; sourceTree = "<group>"; };
		CEAE88E0251B75EF00E7EF87 /* String+HTML.swift */ = {isa = PBXFileReference; fileEncoding = 4; lastKnownFileType = sourcecode.swift; path = "String+HTML.swift"; sourceTree = "<group>"; };
		CEAE88E8251B770300E7EF87 /* StorageService.swift */ = {isa = PBXFileReference; fileEncoding = 4; lastKnownFileType = sourcecode.swift; path = StorageService.swift; sourceTree = "<group>"; };
		CEAE88F7251B782F00E7EF87 /* ErrorModel.swift */ = {isa = PBXFileReference; fileEncoding = 4; lastKnownFileType = sourcecode.swift; path = ErrorModel.swift; sourceTree = "<group>"; };
		CEAE88F9251B782F00E7EF87 /* TokenAuthModel.swift */ = {isa = PBXFileReference; fileEncoding = 4; lastKnownFileType = sourcecode.swift; path = TokenAuthModel.swift; sourceTree = "<group>"; };
		CEAE8901251B797500E7EF87 /* Environment.swift */ = {isa = PBXFileReference; fileEncoding = 4; lastKnownFileType = sourcecode.swift; path = Environment.swift; sourceTree = "<group>"; };
		CEAE890C251B7A0800E7EF87 /* UserModel.swift */ = {isa = PBXFileReference; fileEncoding = 4; lastKnownFileType = sourcecode.swift; path = UserModel.swift; sourceTree = "<group>"; };
		CEAE89B5251B805700E7EF87 /* RootViewModel.swift */ = {isa = PBXFileReference; fileEncoding = 4; lastKnownFileType = sourcecode.swift; path = RootViewModel.swift; sourceTree = "<group>"; };
		CEAE89B6251B805700E7EF87 /* Root.storyboard */ = {isa = PBXFileReference; fileEncoding = 4; lastKnownFileType = file.storyboard; path = Root.storyboard; sourceTree = "<group>"; };
		CEAE89B8251B805700E7EF87 /* RootViewController.swift */ = {isa = PBXFileReference; fileEncoding = 4; lastKnownFileType = sourcecode.swift; path = RootViewController.swift; sourceTree = "<group>"; };
		CEAE89B9251B805700E7EF87 /* RootCoordinator.swift */ = {isa = PBXFileReference; fileEncoding = 4; lastKnownFileType = sourcecode.swift; path = RootCoordinator.swift; sourceTree = "<group>"; };
		CEAE89C5251B81D000E7EF87 /* ConfirmationModel.swift */ = {isa = PBXFileReference; lastKnownFileType = sourcecode.swift; path = ConfirmationModel.swift; sourceTree = "<group>"; };
		CEAE8A56251CBE1D00E7EF87 /* RoundedView.swift */ = {isa = PBXFileReference; fileEncoding = 4; lastKnownFileType = sourcecode.swift; path = RoundedView.swift; sourceTree = "<group>"; };
		CEAE8A5F251CC0DD00E7EF87 /* Main.storyboard */ = {isa = PBXFileReference; fileEncoding = 4; lastKnownFileType = file.storyboard; path = Main.storyboard; sourceTree = "<group>"; };
		CEAE8A63251CC0DD00E7EF87 /* MainViewController.swift */ = {isa = PBXFileReference; fileEncoding = 4; lastKnownFileType = sourcecode.swift; path = MainViewController.swift; sourceTree = "<group>"; };
		CEAE8A67251CC0DD00E7EF87 /* MainCoordinator.swift */ = {isa = PBXFileReference; fileEncoding = 4; lastKnownFileType = sourcecode.swift; path = MainCoordinator.swift; sourceTree = "<group>"; };
		CEAE8A6B251CC0DD00E7EF87 /* MainViewData.swift */ = {isa = PBXFileReference; fileEncoding = 4; lastKnownFileType = sourcecode.swift; path = MainViewData.swift; sourceTree = "<group>"; };
		CEAE8A86251CC0DE00E7EF87 /* RegistrationViewModel.swift */ = {isa = PBXFileReference; fileEncoding = 4; lastKnownFileType = sourcecode.swift; path = RegistrationViewModel.swift; sourceTree = "<group>"; };
		CEAE8A8F251CC0DE00E7EF87 /* AuthCoordinator.swift */ = {isa = PBXFileReference; fileEncoding = 4; lastKnownFileType = sourcecode.swift; path = AuthCoordinator.swift; sourceTree = "<group>"; };
		CEAE8A90251CC0DE00E7EF87 /* Auth.storyboard */ = {isa = PBXFileReference; fileEncoding = 4; lastKnownFileType = file.storyboard; path = Auth.storyboard; sourceTree = "<group>"; };
		CEAE8A98251CC0DE00E7EF87 /* RegistrationViewController.swift */ = {isa = PBXFileReference; fileEncoding = 4; lastKnownFileType = sourcecode.swift; path = RegistrationViewController.swift; sourceTree = "<group>"; };
		CEAE8A9E251CC0DE00E7EF87 /* LoginViewData.swift */ = {isa = PBXFileReference; fileEncoding = 4; lastKnownFileType = sourcecode.swift; path = LoginViewData.swift; sourceTree = "<group>"; };
		CEAE8AF2251CC38A00E7EF87 /* MainViewModel.swift */ = {isa = PBXFileReference; fileEncoding = 4; lastKnownFileType = sourcecode.swift; path = MainViewModel.swift; sourceTree = "<group>"; };
		CEAE8B25251CCCA900E7EF87 /* DateFormatter+DecodingStrategy.swift */ = {isa = PBXFileReference; fileEncoding = 4; lastKnownFileType = sourcecode.swift; path = "DateFormatter+DecodingStrategy.swift"; sourceTree = "<group>"; };
		CEAE8B29251CD34500E7EF87 /* ValidationService.swift */ = {isa = PBXFileReference; fileEncoding = 4; lastKnownFileType = sourcecode.swift; path = ValidationService.swift; sourceTree = "<group>"; };
		CEAE8B30251CD42A00E7EF87 /* HtmlArticleViewModel.swift */ = {isa = PBXFileReference; fileEncoding = 4; lastKnownFileType = sourcecode.swift; path = HtmlArticleViewModel.swift; sourceTree = "<group>"; };
		CEFAB9422521111900F58048 /* ActivityViewModel.swift */ = {isa = PBXFileReference; lastKnownFileType = sourcecode.swift; path = ActivityViewModel.swift; sourceTree = "<group>"; };
		DA1B0B9F795597889D8A30A7 /* Pods-Fitnecs.release(prod).xcconfig */ = {isa = PBXFileReference; includeInIndex = 1; lastKnownFileType = text.xcconfig; name = "Pods-Fitnecs.release(prod).xcconfig"; path = "Target Support Files/Pods-Fitnecs/Pods-Fitnecs.release(prod).xcconfig"; sourceTree = "<group>"; };
/* End PBXFileReference section */

/* Begin PBXFrameworksBuildPhase section */
		CE842E48251B508E00C4CD96 /* Frameworks */ = {
			isa = PBXFrameworksBuildPhase;
			buildActionMask = 2147483647;
			files = (
				26D4C78F2523372300F645A3 /* HealthKit.framework in Frameworks */,
				44466BB62CC488D70499FA12 /* Pods_Fitnecs.framework in Frameworks */,
			);
			runOnlyForDeploymentPostprocessing = 0;
		};
/* End PBXFrameworksBuildPhase section */

/* Begin PBXGroup section */
		268B25B32539BC5A008BC076 /* Statistics */ = {
			isa = PBXGroup;
			children = (
				268B25B62539BF23008BC076 /* Statistics.storyboard */,
				268B25B92539BF43008BC076 /* StatisticsCoordinator.swift */,
				268B25BC2539BF50008BC076 /* ViewControllers */,
				268B25BD2539BF5F008BC076 /* ViewModels */,
				268B25FC253DCB51008BC076 /* ViewDatas */,
			);
			path = Statistics;
			sourceTree = "<group>";
		};
		268B25B42539BC7F008BC076 /* Achievements */ = {
			isa = PBXGroup;
			children = (
				268B2609253F04DB008BC076 /* Achievements.storyboard */,
				268B2615253F08B6008BC076 /* AchievementsCoordinator.swift */,
				268B2608253F04C1008BC076 /* ViewControllers */,
				268B260C253F04E6008BC076 /* ViewModels */,
				26999C9B253F2BD0002D1B49 /* Views */,
				26999C96253F2AB4002D1B49 /* Models */,
				268B260D253F04F3008BC076 /* ViewDatas */,
			);
			path = Achievements;
			sourceTree = "<group>";
		};
		268B25B52539BCAE008BC076 /* Profile */ = {
			isa = PBXGroup;
			children = (
				268B261C253F0A50008BC076 /* Profile.storyboard */,
				268B261F253F0A63008BC076 /* ProfileCoordinator.swift */,
				268B2619253F09E9008BC076 /* ViewControllers */,
				268B261A253F09F3008BC076 /* ViewModels */,
				268B261B253F0A0A008BC076 /* ViewDatas */,
			);
			path = Profile;
			sourceTree = "<group>";
		};
		268B25BC2539BF50008BC076 /* ViewControllers */ = {
			isa = PBXGroup;
			children = (
				268B25BF2539C076008BC076 /* StatisticsViewController.swift */,
			);
			path = ViewControllers;
			sourceTree = "<group>";
		};
		268B25BD2539BF5F008BC076 /* ViewModels */ = {
			isa = PBXGroup;
			children = (
				268B25C22539C089008BC076 /* StatisticsViewModel.swift */,
			);
			path = ViewModels;
			sourceTree = "<group>";
		};
		268B25FC253DCB51008BC076 /* ViewDatas */ = {
			isa = PBXGroup;
			children = (
				268B25FD253DCB91008BC076 /* StatisticsViewData.swift */,
			);
			path = ViewDatas;
			sourceTree = "<group>";
		};
		268B2600253DD008008BC076 /* Const */ = {
			isa = PBXGroup;
			children = (
				268B2601253DD023008BC076 /* Const.swift */,
			);
			path = Const;
			sourceTree = "<group>";
		};
		268B2608253F04C1008BC076 /* ViewControllers */ = {
			isa = PBXGroup;
			children = (
				268B260F253F0719008BC076 /* AchievementsViewController.swift */,
			);
			path = ViewControllers;
			sourceTree = "<group>";
		};
		268B260C253F04E6008BC076 /* ViewModels */ = {
			isa = PBXGroup;
			children = (
				268B2612253F0765008BC076 /* AchievementsViewModel.swift */,
			);
			path = ViewModels;
			sourceTree = "<group>";
		};
		268B260D253F04F3008BC076 /* ViewDatas */ = {
			isa = PBXGroup;
			children = (
			);
			path = ViewDatas;
			sourceTree = "<group>";
		};
		268B2619253F09E9008BC076 /* ViewControllers */ = {
			isa = PBXGroup;
			children = (
				268B2624253F0BF9008BC076 /* ProfileViewController.swift */,
			);
			path = ViewControllers;
			sourceTree = "<group>";
		};
		268B261A253F09F3008BC076 /* ViewModels */ = {
			isa = PBXGroup;
			children = (
				268B2628253F0C39008BC076 /* ProfileViewModel.swift */,
			);
			path = ViewModels;
			sourceTree = "<group>";
		};
		268B261B253F0A0A008BC076 /* ViewDatas */ = {
			isa = PBXGroup;
			children = (
			);
			path = ViewDatas;
			sourceTree = "<group>";
		};
		26999C96253F2AB4002D1B49 /* Models */ = {
			isa = PBXGroup;
			children = (
				26999C97253F2ACC002D1B49 /* AwardModel.swift */,
			);
			path = Models;
			sourceTree = "<group>";
		};
		26999C9B253F2BD0002D1B49 /* Views */ = {
			isa = PBXGroup;
			children = (
				26999CA0253F2C16002D1B49 /* Cells */,
			);
			path = Views;
			sourceTree = "<group>";
		};
		26999CA0253F2C16002D1B49 /* Cells */ = {
			isa = PBXGroup;
			children = (
				26999C9D253F2C0F002D1B49 /* AwardCollectionViewCell.swift */,
			);
			path = Cells;
			sourceTree = "<group>";
		};
		26D4C79725237EAB00F645A3 /* ViewDatas */ = {
			isa = PBXGroup;
			children = (
				26D4C79825237EC400F645A3 /* ActivityViewData.swift */,
			);
			path = ViewDatas;
			sourceTree = "<group>";
		};
		2C446CBFA930B2DDF15DB1A7 /* Pods */ = {
			isa = PBXGroup;
			children = (
				205ADD6D532C706129052E1A /* Pods-Fitnecs.debug(test).xcconfig */,
				5FFD409E509E52EFFAED22AD /* Pods-Fitnecs.debug(prod).xcconfig */,
				03A06246C76396DA4E62A50D /* Pods-Fitnecs.release(test).xcconfig */,
				DA1B0B9F795597889D8A30A7 /* Pods-Fitnecs.release(prod).xcconfig */,
			);
			path = Pods;
			sourceTree = "<group>";
		};
		A2D40832CDEC5EC6B9613EF7 /* Frameworks */ = {
			isa = PBXGroup;
			children = (
				26D4C78E2523372300F645A3 /* HealthKit.framework */,
				492BC87A6A80A02F3C404DD4 /* Pods_Fitnecs.framework */,
			);
			name = Frameworks;
			sourceTree = "<group>";
		};
		CE72CF502520FE4A00EEE4FD /* Activity */ = {
			isa = PBXGroup;
			children = (
				CE72CF512520FE6900EEE4FD /* Activity.storyboard */,
				CE8B3F2125212CA800F4FEED /* ActivityCoordinator.swift */,
				CEFAB93C252110C600F58048 /* ViewControllers */,
				CEFAB93D252110D200F58048 /* ViewModels */,
				26D4C79725237EAB00F645A3 /* ViewDatas */,
			);
			path = Activity;
			sourceTree = "<group>";
		};
		CE842E42251B508D00C4CD96 = {
			isa = PBXGroup;
			children = (
				CE842E4D251B508E00C4CD96 /* Fitnecs */,
				CE842E4C251B508E00C4CD96 /* Products */,
				2C446CBFA930B2DDF15DB1A7 /* Pods */,
				A2D40832CDEC5EC6B9613EF7 /* Frameworks */,
			);
			sourceTree = "<group>";
		};
		CE842E4C251B508E00C4CD96 /* Products */ = {
			isa = PBXGroup;
			children = (
				CE842E4B251B508E00C4CD96 /* Fitnecs.app */,
			);
			name = Products;
			sourceTree = "<group>";
		};
		CE842E4D251B508E00C4CD96 /* Fitnecs */ = {
			isa = PBXGroup;
			children = (
				26D4C78D2523372300F645A3 /* Fitnecs.entitlements */,
				CEAE8871251B70B700E7EF87 /* Generated */,
				CEAE8770251B577500E7EF87 /* Common */,
				CEAE876C251B570000E7EF87 /* Extensions */,
				CEAE88E7251B770300E7EF87 /* Services */,
				CEAE88C2251B73F900E7EF87 /* Network */,
				CEAE8794251B636E00E7EF87 /* Stories */,
				CE842E4E251B508E00C4CD96 /* AppDelegate.swift */,
				CEAE8769251B562700E7EF87 /* Coordinator.swift */,
				CE842E59251B509100C4CD96 /* LaunchScreen.storyboard */,
				CE842E5C251B509100C4CD96 /* Info.plist */,
				CEAE875F251B557C00E7EF87 /* AppCoordinator.swift */,
				CEAE8884251B736600E7EF87 /* Resources */,
			);
			path = Fitnecs;
			sourceTree = "<group>";
		};
		CEAE876C251B570000E7EF87 /* Extensions */ = {
			isa = PBXGroup;
			children = (
				CEAE8B25251CCCA900E7EF87 /* DateFormatter+DecodingStrategy.swift */,
				CEAE88E0251B75EF00E7EF87 /* String+HTML.swift */,
				CEAE876D251B573700E7EF87 /* UIWindow+TopController.swift */,
				26D4C794252369D000F645A3 /* Date.swift */,
				26D4C7AA252481AF00F645A3 /* UIImageView.swift */,
				2652CB5325388A200013827D /* Double.swift */,
				26999CC72540A5F1002D1B49 /* NSLayoutConstraint.swift */,
			);
			path = Extensions;
			sourceTree = "<group>";
		};
		CEAE8770251B577500E7EF87 /* Common */ = {
			isa = PBXGroup;
			children = (
				CEAE877E251B58A100E7EF87 /* Common.storyboard */,
				CEAE877D251B583100E7EF87 /* ViewControllers */,
				CEAE8B2C251CD42A00E7EF87 /* ViewModels */,
				CEAE8A55251CBDD600E7EF87 /* Views */,
				CEAE8771251B579800E7EF87 /* ViewDatas */,
				CEAE89C0251B818E00E7EF87 /* Models */,
				268B2600253DD008008BC076 /* Const */,
			);
			path = Common;
			sourceTree = "<group>";
		};
		CEAE8771251B579800E7EF87 /* ViewDatas */ = {
			isa = PBXGroup;
			children = (
				CEAE8772251B57DA00E7EF87 /* AlertViewData.swift */,
				CEAE8774251B57DA00E7EF87 /* ErrorViewData.swift */,
				CEAE8773251B57DA00E7EF87 /* HtmlArticleViewData.swift */,
				CEAE8775251B57DA00E7EF87 /* InfoViewData.swift */,
				CEAE8776251B57DA00E7EF87 /* SmallModalViewData.swift */,
			);
			path = ViewDatas;
			sourceTree = "<group>";
		};
		CEAE877D251B583100E7EF87 /* ViewControllers */ = {
			isa = PBXGroup;
			children = (
				CEAE8782251B621600E7EF87 /* AlertViewController.swift */,
				CEAE8781251B621600E7EF87 /* AlertViewController.xib */,
				CEAE8784251B621600E7EF87 /* HtmlArticleViewController.swift */,
				CEAE8785251B621600E7EF87 /* InfoViewController.swift */,
				CEAE8783251B621600E7EF87 /* SmallModalViewController.swift */,
			);
			path = ViewControllers;
			sourceTree = "<group>";
		};
		CEAE8794251B636E00E7EF87 /* Stories */ = {
			isa = PBXGroup;
			children = (
				CEAE8795251B63AB00E7EF87 /* Base */,
				CEAE89B3251B805700E7EF87 /* Root */,
				CEAE8A83251CC0DE00E7EF87 /* Auth */,
				CEAE8A59251CC0DD00E7EF87 /* Main */,
				268B25B32539BC5A008BC076 /* Statistics */,
				268B25B42539BC7F008BC076 /* Achievements */,
				CE72CF502520FE4A00EEE4FD /* Activity */,
				CEFAB9462521238E00F58048 /* Geo */,
				268B25B52539BCAE008BC076 /* Profile */,
			);
			path = Stories;
			sourceTree = "<group>";
		};
		CEAE8795251B63AB00E7EF87 /* Base */ = {
			isa = PBXGroup;
			children = (
				CEAE879E251B63E300E7EF87 /* CoverTransition */,
				CEAE8796251B63E200E7EF87 /* PopupContentViewController */,
				CEAE8799251B63E300E7EF87 /* ViewControllers */,
			);
			path = Base;
			sourceTree = "<group>";
		};
		CEAE8796251B63E200E7EF87 /* PopupContentViewController */ = {
			isa = PBXGroup;
			children = (
				CEAE8797251B63E300E7EF87 /* PopupContentViewController.swift */,
				CEAE8798251B63E300E7EF87 /* PopupContentViewController.xib */,
			);
			path = PopupContentViewController;
			sourceTree = "<group>";
		};
		CEAE8799251B63E300E7EF87 /* ViewControllers */ = {
			isa = PBXGroup;
			children = (
				CEAE879A251B63E300E7EF87 /* BaseViewController.swift */,
				CEAE879B251B63E300E7EF87 /* TextFieldViewController.swift */,
				CEAE879C251B63E300E7EF87 /* BaseNavigationController.swift */,
				CEAE879D251B63E300E7EF87 /* InteractivePopRecognizer.swift */,
			);
			path = ViewControllers;
			sourceTree = "<group>";
		};
		CEAE879E251B63E300E7EF87 /* CoverTransition */ = {
			isa = PBXGroup;
			children = (
				CEAE879F251B63E300E7EF87 /* CoverPresentTransitionAnimator.swift */,
				CEAE87A0251B63E300E7EF87 /* CoverTransitionInteractor.swift */,
				CEAE87A1251B63E300E7EF87 /* BaseCoverContentViewController.swift */,
				CEAE87A2251B63E300E7EF87 /* CoverTransitionManager.swift */,
				CEAE87A3251B63E300E7EF87 /* CoverDismissTransitionAnimator.swift */,
				CEAE87A4251B63E300E7EF87 /* BaseCoverContentViewController.xib */,
			);
			path = CoverTransition;
			sourceTree = "<group>";
		};
		CEAE8871251B70B700E7EF87 /* Generated */ = {
			isa = PBXGroup;
			children = (
				CEAE88BB251B73A500E7EF87 /* assets-images.swift */,
				CEAE88BC251B73A500E7EF87 /* fonts.swift */,
				CEAE88BA251B73A400E7EF87 /* storyboards.swift */,
				CEAE88B9251B73A400E7EF87 /* strings.swift */,
			);
			name = Generated;
			path = Fitnecs/Generated;
			sourceTree = SOURCE_ROOT;
		};
		CEAE8884251B736600E7EF87 /* Resources */ = {
			isa = PBXGroup;
			children = (
				CEAE8886251B736600E7EF87 /* Localizable.strings */,
				CEAE8885251B736600E7EF87 /* Colors.xcassets */,
				CEAE8887251B736600E7EF87 /* Images.xcassets */,
				26111D45252DE80A00587485 /* GoogleService-Info.plist */,
				CEAE8888251B736600E7EF87 /* Fonts */,
				CEAE88FF251B797500E7EF87 /* Configs */,
			);
			path = Resources;
			sourceTree = "<group>";
		};
		CEAE8888251B736600E7EF87 /* Fonts */ = {
			isa = PBXGroup;
			children = (
				268B25E4253A235A008BC076 /* Calibri-Bold.ttf */,
				268B25E2253A235A008BC076 /* Calibri-Italic.ttf */,
				268B25E3253A235A008BC076 /* Calibri-Light.ttf */,
				268B25E5253A235A008BC076 /* Calibri-Regular.ttf */,
				268B25F8253D7A39008BC076 /* Circe-Bold.ttf */,
				268B25F6253D7A38008BC076 /* Circe-ExtraBold.ttf */,
				268B25F7253D7A38008BC076 /* Circe-ExtraLight.ttf */,
				268B25F4253D7A38008BC076 /* Circe-Light.ttf */,
				268B25F5253D7A38008BC076 /* Circe-Regular.ttf */,
				268B25F9253D7A39008BC076 /* Circe-Thin.ttf */,
			);
			path = Fonts;
			sourceTree = "<group>";
		};
		CEAE88C2251B73F900E7EF87 /* Network */ = {
			isa = PBXGroup;
			children = (
				CEAE88C4251B743300E7EF87 /* TargetTypes */,
				CEAE88C3251B740200E7EF87 /* Services */,
				CEAE88CC251B74DA00E7EF87 /* APIConfig.swift */,
				CEAE88E3251B767900E7EF87 /* Models */,
			);
			path = Network;
			sourceTree = "<group>";
		};
		CEAE88C3251B740200E7EF87 /* Services */ = {
			isa = PBXGroup;
			children = (
				CEAE88C5251B74A400E7EF87 /* AuthorizationAPIService.swift */,
				CEAE88C6251B74A400E7EF87 /* BaseAPIService.swift */,
			);
			path = Services;
			sourceTree = "<group>";
		};
		CEAE88C4251B743300E7EF87 /* TargetTypes */ = {
			isa = PBXGroup;
			children = (
				CEAE88CF251B74FA00E7EF87 /* AuthorizationAPI.swift */,
			);
			path = TargetTypes;
			sourceTree = "<group>";
		};
		CEAE88E3251B767900E7EF87 /* Models */ = {
			isa = PBXGroup;
			children = (
				CEAE88F8251B782F00E7EF87 /* Auth */,
				CEAE88F6251B782F00E7EF87 /* Common */,
			);
			path = Models;
			sourceTree = "<group>";
		};
		CEAE88E7251B770300E7EF87 /* Services */ = {
			isa = PBXGroup;
			children = (
				CEAE88E8251B770300E7EF87 /* StorageService.swift */,
				CEAE8B29251CD34500E7EF87 /* ValidationService.swift */,
				26D4C791252350EA00F645A3 /* HealthKitService.swift */,
			);
			path = Services;
			sourceTree = "<group>";
		};
		CEAE88F6251B782F00E7EF87 /* Common */ = {
			isa = PBXGroup;
			children = (
				CEAE890C251B7A0800E7EF87 /* UserModel.swift */,
				CEAE88F7251B782F00E7EF87 /* ErrorModel.swift */,
			);
			path = Common;
			sourceTree = "<group>";
		};
		CEAE88F8251B782F00E7EF87 /* Auth */ = {
			isa = PBXGroup;
			children = (
				CEAE88F9251B782F00E7EF87 /* TokenAuthModel.swift */,
				263D7CD82541866400132B9E /* LoginModel.swift */,
			);
			path = Auth;
			sourceTree = "<group>";
		};
		CEAE88FF251B797500E7EF87 /* Configs */ = {
			isa = PBXGroup;
			children = (
				CEAE8901251B797500E7EF87 /* Environment.swift */,
				2648F2912541A05C00CD893A /* Test.xcconfig */,
				2648F2922541A07D00CD893A /* Prod.xcconfig */,
			);
			path = Configs;
			sourceTree = "<group>";
		};
		CEAE89B3251B805700E7EF87 /* Root */ = {
			isa = PBXGroup;
			children = (
				CEAE89B6251B805700E7EF87 /* Root.storyboard */,
				CEAE89B9251B805700E7EF87 /* RootCoordinator.swift */,
				CEAE89B7251B805700E7EF87 /* ViewControllers */,
				CEAE89B4251B805700E7EF87 /* ViewModels */,
			);
			path = Root;
			sourceTree = "<group>";
		};
		CEAE89B4251B805700E7EF87 /* ViewModels */ = {
			isa = PBXGroup;
			children = (
				CEAE89B5251B805700E7EF87 /* RootViewModel.swift */,
			);
			path = ViewModels;
			sourceTree = "<group>";
		};
		CEAE89B7251B805700E7EF87 /* ViewControllers */ = {
			isa = PBXGroup;
			children = (
				CEAE89B8251B805700E7EF87 /* RootViewController.swift */,
			);
			path = ViewControllers;
			sourceTree = "<group>";
		};
		CEAE89C0251B818E00E7EF87 /* Models */ = {
			isa = PBXGroup;
			children = (
				CEAE89C5251B81D000E7EF87 /* ConfirmationModel.swift */,
			);
			path = Models;
			sourceTree = "<group>";
		};
		CEAE8A55251CBDD600E7EF87 /* Views */ = {
			isa = PBXGroup;
			children = (
				CEAE8A56251CBE1D00E7EF87 /* RoundedView.swift */,
				268B25AF2539AE82008BC076 /* CircleProgressBar.swift */,
				26999CC42540A5CB002D1B49 /* ExpandableContentSizeScrollView.swift */,
			);
			path = Views;
			sourceTree = "<group>";
		};
		CEAE8A59251CC0DD00E7EF87 /* Main */ = {
			isa = PBXGroup;
			children = (
				CEAE8A5F251CC0DD00E7EF87 /* Main.storyboard */,
				CEAE8A67251CC0DD00E7EF87 /* MainCoordinator.swift */,
				CEAE8A60251CC0DD00E7EF87 /* ViewControllers */,
				CEAE8A5A251CC0DD00E7EF87 /* ViewModels */,
				CEAE8A68251CC0DD00E7EF87 /* ViewDatas */,
			);
			name = Main;
			path = Fitnecs/Stories/Main;
			sourceTree = SOURCE_ROOT;
		};
		CEAE8A5A251CC0DD00E7EF87 /* ViewModels */ = {
			isa = PBXGroup;
			children = (
				CEAE8AF2251CC38A00E7EF87 /* MainViewModel.swift */,
			);
			path = ViewModels;
			sourceTree = "<group>";
		};
		CEAE8A60251CC0DD00E7EF87 /* ViewControllers */ = {
			isa = PBXGroup;
			children = (
				CEAE8A63251CC0DD00E7EF87 /* MainViewController.swift */,
			);
			path = ViewControllers;
			sourceTree = "<group>";
		};
		CEAE8A68251CC0DD00E7EF87 /* ViewDatas */ = {
			isa = PBXGroup;
			children = (
				CEAE8A6B251CC0DD00E7EF87 /* MainViewData.swift */,
			);
			path = ViewDatas;
			sourceTree = "<group>";
		};
		CEAE8A83251CC0DE00E7EF87 /* Auth */ = {
			isa = PBXGroup;
			children = (
				CEAE8A90251CC0DE00E7EF87 /* Auth.storyboard */,
				CEAE8A8F251CC0DE00E7EF87 /* AuthCoordinator.swift */,
				CEAE8A91251CC0DE00E7EF87 /* ViewControllers */,
				CEAE8A84251CC0DE00E7EF87 /* ViewModels */,
				CEAE8A9B251CC0DE00E7EF87 /* ViewDatas */,
			);
			name = Auth;
			path = Fitnecs/Stories/Auth;
			sourceTree = SOURCE_ROOT;
		};
		CEAE8A84251CC0DE00E7EF87 /* ViewModels */ = {
			isa = PBXGroup;
			children = (
				2648F2FB2542E1EF00CD893A /* LoginViewModel copy.swift */,
				CEAE8A86251CC0DE00E7EF87 /* RegistrationViewModel.swift */,
			);
			path = ViewModels;
			sourceTree = "<group>";
		};
		CEAE8A91251CC0DE00E7EF87 /* ViewControllers */ = {
			isa = PBXGroup;
			children = (
				2648F2F82542E1ED00CD893A /* LoginViewController.swift */,
				CEAE8A98251CC0DE00E7EF87 /* RegistrationViewController.swift */,
			);
			path = ViewControllers;
			sourceTree = "<group>";
		};
		CEAE8A9B251CC0DE00E7EF87 /* ViewDatas */ = {
			isa = PBXGroup;
			children = (
				CEAE8A9E251CC0DE00E7EF87 /* LoginViewData.swift */,
			);
			path = ViewDatas;
			sourceTree = "<group>";
		};
		CEAE8B2C251CD42A00E7EF87 /* ViewModels */ = {
			isa = PBXGroup;
			children = (
				CEAE8B30251CD42A00E7EF87 /* HtmlArticleViewModel.swift */,
			);
			name = ViewModels;
			path = Fitnecs/Common/ViewModels;
			sourceTree = SOURCE_ROOT;
		};
		CEFAB93C252110C600F58048 /* ViewControllers */ = {
			isa = PBXGroup;
			children = (
				2648F2F42542E1DB00CD893A /* ActivityViewController copy.swift */,
			);
			path = ViewControllers;
			sourceTree = "<group>";
		};
		CEFAB93D252110D200F58048 /* ViewModels */ = {
			isa = PBXGroup;
			children = (
				CEFAB9422521111900F58048 /* ActivityViewModel.swift */,
			);
			path = ViewModels;
			sourceTree = "<group>";
		};
		CEFAB9462521238E00F58048 /* Geo */ = {
			isa = PBXGroup;
			children = (
				CE8B3F1D25212B5200F4FEED /* Geo.storyboard */,
				CE8B3F2425212CE500F4FEED /* GeoCoordinator.swift */,
				CEFAB948252123CF00F58048 /* ViewControllers */,
				CEFAB94A252123D000F58048 /* ViewModels */,
			);
			path = Geo;
			sourceTree = "<group>";
		};
		CEFAB948252123CF00F58048 /* ViewControllers */ = {
			isa = PBXGroup;
			children = (
				26893DBB2521DCB900604B44 /* GeoViewController.swift */,
			);
			path = ViewControllers;
			sourceTree = "<group>";
		};
		CEFAB94A252123D000F58048 /* ViewModels */ = {
			isa = PBXGroup;
			children = (
				CE8B3F2825212EAA00F4FEED /* GeoViewModel.swift */,
			);
			path = ViewModels;
			sourceTree = "<group>";
		};
/* End PBXGroup section */

/* Begin PBXNativeTarget section */
		CE842E4A251B508E00C4CD96 /* Fitnecs */ = {
			isa = PBXNativeTarget;
			buildConfigurationList = CE842E5F251B509100C4CD96 /* Build configuration list for PBXNativeTarget "Fitnecs" */;
			buildPhases = (
				40E675216E11AC36864D3D3E /* [CP] Check Pods Manifest.lock */,
				CEAE87B2251B660A00E7EF87 /* SwiftGen */,
				CE842E47251B508E00C4CD96 /* Sources */,
				CE842E48251B508E00C4CD96 /* Frameworks */,
				CE842E49251B508E00C4CD96 /* Resources */,
				26111D49252DF38500587485 /* Crashlytics Firebase script */,
				E1F5FF791F9D6F0392A52D3A /* [CP] Embed Pods Frameworks */,
				00C28D099962889924048349 /* [CP] Copy Pods Resources */,
			);
			buildRules = (
			);
			dependencies = (
			);
			name = Fitnecs;
			productName = Fitnecs;
			productReference = CE842E4B251B508E00C4CD96 /* Fitnecs.app */;
			productType = "com.apple.product-type.application";
		};
/* End PBXNativeTarget section */

/* Begin PBXProject section */
		CE842E43251B508D00C4CD96 /* Project object */ = {
			isa = PBXProject;
			attributes = {
				LastSwiftUpdateCheck = 1200;
				LastUpgradeCheck = 1200;
				TargetAttributes = {
					CE842E4A251B508E00C4CD96 = {
						CreatedOnToolsVersion = 12.0;
					};
				};
			};
			buildConfigurationList = CE842E46251B508D00C4CD96 /* Build configuration list for PBXProject "Fitnecs" */;
			compatibilityVersion = "Xcode 9.3";
			developmentRegion = en;
			hasScannedForEncodings = 0;
			knownRegions = (
				en,
				Base,
			);
			mainGroup = CE842E42251B508D00C4CD96;
			productRefGroup = CE842E4C251B508E00C4CD96 /* Products */;
			projectDirPath = "";
			projectRoot = "";
			targets = (
				CE842E4A251B508E00C4CD96 /* Fitnecs */,
			);
		};
/* End PBXProject section */

/* Begin PBXResourcesBuildPhase section */
		CE842E49251B508E00C4CD96 /* Resources */ = {
			isa = PBXResourcesBuildPhase;
			buildActionMask = 2147483647;
			files = (
				CE72CF522520FE6900EEE4FD /* Activity.storyboard in Resources */,
				CE842E5B251B509100C4CD96 /* LaunchScreen.storyboard in Resources */,
				268B260A253F04DB008BC076 /* Achievements.storyboard in Resources */,
				268B25EC253A2369008BC076 /* Calibri-Regular.ttf in Resources */,
				CE8B3F1E25212B5200F4FEED /* Geo.storyboard in Resources */,
				CEAE88A1251B736600E7EF87 /* Images.xcassets in Resources */,
				268B25B72539BF23008BC076 /* Statistics.storyboard in Resources */,
				268B25E6253A2361008BC076 /* Calibri-Bold.ttf in Resources */,
				268B25EA253A2366008BC076 /* Calibri-Light.ttf in Resources */,
				26111D46252DE80A00587485 /* GoogleService-Info.plist in Resources */,
				CEAE8AAE251CC0DE00E7EF87 /* Main.storyboard in Resources */,
				CEAE87B0251B63E300E7EF87 /* BaseCoverContentViewController.xib in Resources */,
				CEAE87A6251B63E300E7EF87 /* PopupContentViewController.xib in Resources */,
				CEAE89BB251B805700E7EF87 /* Root.storyboard in Resources */,
				268B261D253F0A50008BC076 /* Profile.storyboard in Resources */,
				CEAE8AD7251CC0DF00E7EF87 /* Auth.storyboard in Resources */,
				268B25E8253A2364008BC076 /* Calibri-Italic.ttf in Resources */,
				CEAE88A0251B736600E7EF87 /* Localizable.strings in Resources */,
				CEAE889F251B736600E7EF87 /* Colors.xcassets in Resources */,
				CEAE877F251B58A100E7EF87 /* Common.storyboard in Resources */,
				CEAE8786251B621600E7EF87 /* AlertViewController.xib in Resources */,
			);
			runOnlyForDeploymentPostprocessing = 0;
		};
/* End PBXResourcesBuildPhase section */

/* Begin PBXShellScriptBuildPhase section */
		00C28D099962889924048349 /* [CP] Copy Pods Resources */ = {
			isa = PBXShellScriptBuildPhase;
			buildActionMask = 2147483647;
			files = (
			);
			inputFileListPaths = (
				"${PODS_ROOT}/Target Support Files/Pods-Fitnecs/Pods-Fitnecs-resources-${CONFIGURATION}-input-files.xcfilelist",
			);
			name = "[CP] Copy Pods Resources";
			outputFileListPaths = (
				"${PODS_ROOT}/Target Support Files/Pods-Fitnecs/Pods-Fitnecs-resources-${CONFIGURATION}-output-files.xcfilelist",
			);
			runOnlyForDeploymentPostprocessing = 0;
			shellPath = /bin/sh;
			shellScript = "\"${PODS_ROOT}/Target Support Files/Pods-Fitnecs/Pods-Fitnecs-resources.sh\"\n";
			showEnvVarsInLog = 0;
		};
		26111D49252DF38500587485 /* Crashlytics Firebase script */ = {
			isa = PBXShellScriptBuildPhase;
			buildActionMask = 2147483647;
			files = (
			);
			inputFileListPaths = (
			);
			inputPaths = (
				"${DWARF_DSYM_FOLDER_PATH}/${DWARF_DSYM_FILE_NAME}/Contents/Resources/DWARF/${TARGET_NAME}",
				"$(SRCROOT)/$(BUILT_PRODUCTS_DIR)/$(INFOPLIST_PATH)",
			);
			name = "Crashlytics Firebase script";
			outputFileListPaths = (
			);
			outputPaths = (
			);
			runOnlyForDeploymentPostprocessing = 0;
			shellPath = /bin/sh;
			shellScript = "\"${PODS_ROOT}/FirebaseCrashlytics/run\"\n";
		};
		40E675216E11AC36864D3D3E /* [CP] Check Pods Manifest.lock */ = {
			isa = PBXShellScriptBuildPhase;
			buildActionMask = 2147483647;
			files = (
			);
			inputFileListPaths = (
			);
			inputPaths = (
				"${PODS_PODFILE_DIR_PATH}/Podfile.lock",
				"${PODS_ROOT}/Manifest.lock",
			);
			name = "[CP] Check Pods Manifest.lock";
			outputFileListPaths = (
			);
			outputPaths = (
				"$(DERIVED_FILE_DIR)/Pods-Fitnecs-checkManifestLockResult.txt",
			);
			runOnlyForDeploymentPostprocessing = 0;
			shellPath = /bin/sh;
			shellScript = "diff \"${PODS_PODFILE_DIR_PATH}/Podfile.lock\" \"${PODS_ROOT}/Manifest.lock\" > /dev/null\nif [ $? != 0 ] ; then\n    # print error to STDERR\n    echo \"error: The sandbox is not in sync with the Podfile.lock. Run 'pod install' or update your CocoaPods installation.\" >&2\n    exit 1\nfi\n# This output is used by Xcode 'outputs' to avoid re-running this script phase.\necho \"SUCCESS\" > \"${SCRIPT_OUTPUT_FILE_0}\"\n";
			showEnvVarsInLog = 0;
		};
		CEAE87B2251B660A00E7EF87 /* SwiftGen */ = {
			isa = PBXShellScriptBuildPhase;
			buildActionMask = 2147483647;
			files = (
			);
			inputFileListPaths = (
			);
			inputPaths = (
			);
			name = SwiftGen;
			outputFileListPaths = (
			);
			outputPaths = (
			);
			runOnlyForDeploymentPostprocessing = 0;
			shellPath = /bin/sh;
			shellScript = "if [[ -f \"${PODS_ROOT}/SwiftGen/bin/swiftgen\" ]]; then\n  \"${PODS_ROOT}/SwiftGen/bin/swiftgen\"\nelse\n  echo \"warning: SwiftGen is not installed. Run 'pod install --repo-update' to install it.\"\nfi\n";
		};
		E1F5FF791F9D6F0392A52D3A /* [CP] Embed Pods Frameworks */ = {
			isa = PBXShellScriptBuildPhase;
			buildActionMask = 2147483647;
			files = (
			);
			inputFileListPaths = (
				"${PODS_ROOT}/Target Support Files/Pods-Fitnecs/Pods-Fitnecs-frameworks-${CONFIGURATION}-input-files.xcfilelist",
			);
			name = "[CP] Embed Pods Frameworks";
			outputFileListPaths = (
				"${PODS_ROOT}/Target Support Files/Pods-Fitnecs/Pods-Fitnecs-frameworks-${CONFIGURATION}-output-files.xcfilelist",
			);
			runOnlyForDeploymentPostprocessing = 0;
			shellPath = /bin/sh;
			shellScript = "\"${PODS_ROOT}/Target Support Files/Pods-Fitnecs/Pods-Fitnecs-frameworks.sh\"\n";
			showEnvVarsInLog = 0;
		};
/* End PBXShellScriptBuildPhase section */

/* Begin PBXSourcesBuildPhase section */
		CE842E47251B508E00C4CD96 /* Sources */ = {
			isa = PBXSourcesBuildPhase;
			buildActionMask = 2147483647;
			files = (
				CEAE88FB251B782F00E7EF87 /* ErrorModel.swift in Sources */,
				CEAE8760251B557C00E7EF87 /* AppCoordinator.swift in Sources */,
				CEAE87A5251B63E300E7EF87 /* PopupContentViewController.swift in Sources */,
				263D7CD92541866400132B9E /* LoginModel.swift in Sources */,
				CEAE8789251B621600E7EF87 /* HtmlArticleViewController.swift in Sources */,
				26999CC52540A5CC002D1B49 /* ExpandableContentSizeScrollView.swift in Sources */,
				CEAE88BD251B73A500E7EF87 /* strings.swift in Sources */,
				2648F2F52542E1DB00CD893A /* ActivityViewController copy.swift in Sources */,
				CEAE877A251B57DA00E7EF87 /* InfoViewData.swift in Sources */,
				CEAE878A251B621600E7EF87 /* InfoViewController.swift in Sources */,
				268B25C02539C076008BC076 /* StatisticsViewController.swift in Sources */,
				CEAE88BF251B73A500E7EF87 /* assets-images.swift in Sources */,
				26D4C7AB252481AF00F645A3 /* UIImageView.swift in Sources */,
				CEAE87AA251B63E300E7EF87 /* InteractivePopRecognizer.swift in Sources */,
				CEAE87AD251B63E300E7EF87 /* BaseCoverContentViewController.swift in Sources */,
				CEAE87AB251B63E300E7EF87 /* CoverPresentTransitionAnimator.swift in Sources */,
				CEAE89BC251B805700E7EF87 /* RootViewController.swift in Sources */,
				CEAE87A9251B63E300E7EF87 /* BaseNavigationController.swift in Sources */,
				CEAE8B26251CCCAA00E7EF87 /* DateFormatter+DecodingStrategy.swift in Sources */,
				CEAE8778251B57DA00E7EF87 /* HtmlArticleViewData.swift in Sources */,
				CEAE88E1251B75EF00E7EF87 /* String+HTML.swift in Sources */,
				CEAE8906251B797500E7EF87 /* Environment.swift in Sources */,
				CEAE87A7251B63E300E7EF87 /* BaseViewController.swift in Sources */,
				CE8B3F2525212CE500F4FEED /* GeoCoordinator.swift in Sources */,
				CEAE87AE251B63E300E7EF87 /* CoverTransitionManager.swift in Sources */,
				CEAE89C6251B81D000E7EF87 /* ConfirmationModel.swift in Sources */,
				CEAE8A57251CBE1D00E7EF87 /* RoundedView.swift in Sources */,
				CEAE87AC251B63E300E7EF87 /* CoverTransitionInteractor.swift in Sources */,
				268B25C32539C089008BC076 /* StatisticsViewModel.swift in Sources */,
				CEAE8AB1251CC0DE00E7EF87 /* MainViewController.swift in Sources */,
				268B2620253F0A63008BC076 /* ProfileCoordinator.swift in Sources */,
				CEAE87A8251B63E300E7EF87 /* TextFieldViewController.swift in Sources */,
				CEAE8ACD251CC0DE00E7EF87 /* RegistrationViewModel.swift in Sources */,
				26D4C795252369D000F645A3 /* Date.swift in Sources */,
				CEAE876A251B562700E7EF87 /* Coordinator.swift in Sources */,
				CEAE88C9251B74A400E7EF87 /* BaseAPIService.swift in Sources */,
				CEAE88E9251B770300E7EF87 /* StorageService.swift in Sources */,
				CEAE8AD6251CC0DE00E7EF87 /* AuthCoordinator.swift in Sources */,
				2648F2FC2542E1EF00CD893A /* LoginViewModel copy.swift in Sources */,
				26D4C792252350EA00F645A3 /* HealthKitService.swift in Sources */,
				268B2610253F0719008BC076 /* AchievementsViewController.swift in Sources */,
				CEAE88BE251B73A500E7EF87 /* storyboards.swift in Sources */,
				268B25B02539AE82008BC076 /* CircleProgressBar.swift in Sources */,
				26893DBC2521DCB900604B44 /* GeoViewController.swift in Sources */,
				CEAE8779251B57DA00E7EF87 /* ErrorViewData.swift in Sources */,
				CE8B3F2225212CA800F4FEED /* ActivityCoordinator.swift in Sources */,
				CEAE88FC251B782F00E7EF87 /* TokenAuthModel.swift in Sources */,
				CEAE8777251B57DA00E7EF87 /* AlertViewData.swift in Sources */,
				CEAE8AF3251CC38A00E7EF87 /* MainViewModel.swift in Sources */,
				CEAE8AE3251CC0DF00E7EF87 /* LoginViewData.swift in Sources */,
				268B25BA2539BF43008BC076 /* StatisticsCoordinator.swift in Sources */,
				26999CC82540A5F1002D1B49 /* NSLayoutConstraint.swift in Sources */,
				CE8B3F2925212EAA00F4FEED /* GeoViewModel.swift in Sources */,
				2652CB5425388A200013827D /* Double.swift in Sources */,
				CEAE87AF251B63E300E7EF87 /* CoverDismissTransitionAnimator.swift in Sources */,
				268B2602253DD023008BC076 /* Const.swift in Sources */,
				CEAE8787251B621600E7EF87 /* AlertViewController.swift in Sources */,
				CEAE8B2A251CD34500E7EF87 /* ValidationService.swift in Sources */,
				CEAE8AB5251CC0DE00E7EF87 /* MainCoordinator.swift in Sources */,
				CEAE8ADE251CC0DF00E7EF87 /* RegistrationViewController.swift in Sources */,
				CEAE88D1251B74FA00E7EF87 /* AuthorizationAPI.swift in Sources */,
				CEAE8AB8251CC0DE00E7EF87 /* MainViewData.swift in Sources */,
				CEAE89BA251B805700E7EF87 /* RootViewModel.swift in Sources */,
				CEAE877B251B57DA00E7EF87 /* SmallModalViewData.swift in Sources */,
				CEAE890D251B7A0800E7EF87 /* UserModel.swift in Sources */,
				268B2629253F0C39008BC076 /* ProfileViewModel.swift in Sources */,
				268B25FE253DCB91008BC076 /* StatisticsViewData.swift in Sources */,
				2648F2F92542E1ED00CD893A /* LoginViewController.swift in Sources */,
				CEAE89BD251B805700E7EF87 /* RootCoordinator.swift in Sources */,
				CEAE88C8251B74A400E7EF87 /* AuthorizationAPIService.swift in Sources */,
				268B2616253F08B6008BC076 /* AchievementsCoordinator.swift in Sources */,
				268B2625253F0BF9008BC076 /* ProfileViewController.swift in Sources */,
				CEAE8B34251CD42A00E7EF87 /* HtmlArticleViewModel.swift in Sources */,
				26999C98253F2ACC002D1B49 /* AwardModel.swift in Sources */,
				CEAE88CD251B74DA00E7EF87 /* APIConfig.swift in Sources */,
				268B2613253F0765008BC076 /* AchievementsViewModel.swift in Sources */,
				CEFAB9432521111900F58048 /* ActivityViewModel.swift in Sources */,
				CE842E4F251B508E00C4CD96 /* AppDelegate.swift in Sources */,
				CEAE88C0251B73A500E7EF87 /* fonts.swift in Sources */,
				26999C9E253F2C0F002D1B49 /* AwardCollectionViewCell.swift in Sources */,
				CEAE876E251B573700E7EF87 /* UIWindow+TopController.swift in Sources */,
				CEAE8788251B621600E7EF87 /* SmallModalViewController.swift in Sources */,
				26D4C79925237EC400F645A3 /* ActivityViewData.swift in Sources */,
			);
			runOnlyForDeploymentPostprocessing = 0;
		};
/* End PBXSourcesBuildPhase section */

/* Begin PBXVariantGroup section */
		CE842E59251B509100C4CD96 /* LaunchScreen.storyboard */ = {
			isa = PBXVariantGroup;
			children = (
				CE842E5A251B509100C4CD96 /* Base */,
			);
			name = LaunchScreen.storyboard;
			sourceTree = "<group>";
		};
/* End PBXVariantGroup section */

/* Begin XCBuildConfiguration section */
		263D7CDC2541991C00132B9E /* Debug(Prod) */ = {
			isa = XCBuildConfiguration;
			baseConfigurationReference = 2648F2922541A07D00CD893A /* Prod.xcconfig */;
			buildSettings = {
				ALWAYS_SEARCH_USER_PATHS = NO;
				CLANG_ANALYZER_NONNULL = YES;
				CLANG_ANALYZER_NUMBER_OBJECT_CONVERSION = YES_AGGRESSIVE;
				CLANG_CXX_LANGUAGE_STANDARD = "gnu++14";
				CLANG_CXX_LIBRARY = "libc++";
				CLANG_ENABLE_MODULES = YES;
				CLANG_ENABLE_OBJC_ARC = YES;
				CLANG_ENABLE_OBJC_WEAK = YES;
				CLANG_WARN_BLOCK_CAPTURE_AUTORELEASING = YES;
				CLANG_WARN_BOOL_CONVERSION = YES;
				CLANG_WARN_COMMA = YES;
				CLANG_WARN_CONSTANT_CONVERSION = YES;
				CLANG_WARN_DEPRECATED_OBJC_IMPLEMENTATIONS = YES;
				CLANG_WARN_DIRECT_OBJC_ISA_USAGE = YES_ERROR;
				CLANG_WARN_DOCUMENTATION_COMMENTS = YES;
				CLANG_WARN_EMPTY_BODY = YES;
				CLANG_WARN_ENUM_CONVERSION = YES;
				CLANG_WARN_INFINITE_RECURSION = YES;
				CLANG_WARN_INT_CONVERSION = YES;
				CLANG_WARN_NON_LITERAL_NULL_CONVERSION = YES;
				CLANG_WARN_OBJC_IMPLICIT_RETAIN_SELF = YES;
				CLANG_WARN_OBJC_LITERAL_CONVERSION = YES;
				CLANG_WARN_OBJC_ROOT_CLASS = YES_ERROR;
				CLANG_WARN_QUOTED_INCLUDE_IN_FRAMEWORK_HEADER = YES;
				CLANG_WARN_RANGE_LOOP_ANALYSIS = YES;
				CLANG_WARN_STRICT_PROTOTYPES = YES;
				CLANG_WARN_SUSPICIOUS_MOVE = YES;
				CLANG_WARN_UNGUARDED_AVAILABILITY = YES_AGGRESSIVE;
				CLANG_WARN_UNREACHABLE_CODE = YES;
				CLANG_WARN__DUPLICATE_METHOD_MATCH = YES;
				COPY_PHASE_STRIP = NO;
				DEBUG_INFORMATION_FORMAT = dwarf;
				ENABLE_STRICT_OBJC_MSGSEND = YES;
				ENABLE_TESTABILITY = YES;
				GCC_C_LANGUAGE_STANDARD = gnu11;
				GCC_DYNAMIC_NO_PIC = NO;
				GCC_NO_COMMON_BLOCKS = YES;
				GCC_OPTIMIZATION_LEVEL = 0;
				GCC_PREPROCESSOR_DEFINITIONS = (
					"DEBUG=1",
					"$(inherited)",
				);
				GCC_WARN_64_TO_32_BIT_CONVERSION = YES;
				GCC_WARN_ABOUT_RETURN_TYPE = YES_ERROR;
				GCC_WARN_UNDECLARED_SELECTOR = YES;
				GCC_WARN_UNINITIALIZED_AUTOS = YES_AGGRESSIVE;
				GCC_WARN_UNUSED_FUNCTION = YES;
				GCC_WARN_UNUSED_VARIABLE = YES;
				IPHONEOS_DEPLOYMENT_TARGET = 12.0;
				MTL_ENABLE_DEBUG_INFO = INCLUDE_SOURCE;
				MTL_FAST_MATH = YES;
				ONLY_ACTIVE_ARCH = YES;
				SDKROOT = iphoneos;
				SWIFT_ACTIVE_COMPILATION_CONDITIONS = DEBUG;
				SWIFT_OPTIMIZATION_LEVEL = "-Onone";
			};
			name = "Debug(Prod)";
		};
		263D7CDD2541991C00132B9E /* Debug(Prod) */ = {
			isa = XCBuildConfiguration;
			baseConfigurationReference = 2648F2922541A07D00CD893A /* Prod.xcconfig */;
			buildSettings = {
				ASSETCATALOG_COMPILER_APPICON_NAME = AppIcon;
				ASSETCATALOG_COMPILER_GLOBAL_ACCENT_COLOR_NAME = AccentColor;
				CODE_SIGN_ENTITLEMENTS = Fitnecs/Fitnecs.entitlements;
				CODE_SIGN_STYLE = Automatic;
				CURRENT_PROJECT_VERSION = 6;
				DEBUG_INFORMATION_FORMAT = "dwarf-with-dsym";
				DEVELOPMENT_TEAM = VS9ZZ3WKXQ;
				INFOPLIST_FILE = Fitnecs/Info.plist;
				IPHONEOS_DEPLOYMENT_TARGET = 11.0;
				LD_RUNPATH_SEARCH_PATHS = (
					"$(inherited)",
					"@executable_path/Frameworks",
				);
				MARKETING_VERSION = 1.1.3;
				PRODUCT_BUNDLE_IDENTIFIER = "$(PRODUCT_BUNDLE_IDENTIFIER)";
				PRODUCT_NAME = "$(TARGET_NAME)";
				SWIFT_VERSION = 5.0;
				TARGETED_DEVICE_FAMILY = 1;
			};
			name = "Debug(Prod)";
		};
		263D7CDE2541993600132B9E /* Release(Prod) */ = {
			isa = XCBuildConfiguration;
			baseConfigurationReference = 2648F2922541A07D00CD893A /* Prod.xcconfig */;
			buildSettings = {
				ALWAYS_SEARCH_USER_PATHS = NO;
				CLANG_ANALYZER_NONNULL = YES;
				CLANG_ANALYZER_NUMBER_OBJECT_CONVERSION = YES_AGGRESSIVE;
				CLANG_CXX_LANGUAGE_STANDARD = "gnu++14";
				CLANG_CXX_LIBRARY = "libc++";
				CLANG_ENABLE_MODULES = YES;
				CLANG_ENABLE_OBJC_ARC = YES;
				CLANG_ENABLE_OBJC_WEAK = YES;
				CLANG_WARN_BLOCK_CAPTURE_AUTORELEASING = YES;
				CLANG_WARN_BOOL_CONVERSION = YES;
				CLANG_WARN_COMMA = YES;
				CLANG_WARN_CONSTANT_CONVERSION = YES;
				CLANG_WARN_DEPRECATED_OBJC_IMPLEMENTATIONS = YES;
				CLANG_WARN_DIRECT_OBJC_ISA_USAGE = YES_ERROR;
				CLANG_WARN_DOCUMENTATION_COMMENTS = YES;
				CLANG_WARN_EMPTY_BODY = YES;
				CLANG_WARN_ENUM_CONVERSION = YES;
				CLANG_WARN_INFINITE_RECURSION = YES;
				CLANG_WARN_INT_CONVERSION = YES;
				CLANG_WARN_NON_LITERAL_NULL_CONVERSION = YES;
				CLANG_WARN_OBJC_IMPLICIT_RETAIN_SELF = YES;
				CLANG_WARN_OBJC_LITERAL_CONVERSION = YES;
				CLANG_WARN_OBJC_ROOT_CLASS = YES_ERROR;
				CLANG_WARN_QUOTED_INCLUDE_IN_FRAMEWORK_HEADER = YES;
				CLANG_WARN_RANGE_LOOP_ANALYSIS = YES;
				CLANG_WARN_STRICT_PROTOTYPES = YES;
				CLANG_WARN_SUSPICIOUS_MOVE = YES;
				CLANG_WARN_UNGUARDED_AVAILABILITY = YES_AGGRESSIVE;
				CLANG_WARN_UNREACHABLE_CODE = YES;
				CLANG_WARN__DUPLICATE_METHOD_MATCH = YES;
				COPY_PHASE_STRIP = NO;
				DEBUG_INFORMATION_FORMAT = dwarf;
				ENABLE_NS_ASSERTIONS = NO;
				ENABLE_STRICT_OBJC_MSGSEND = YES;
				GCC_C_LANGUAGE_STANDARD = gnu11;
				GCC_NO_COMMON_BLOCKS = YES;
				GCC_WARN_64_TO_32_BIT_CONVERSION = YES;
				GCC_WARN_ABOUT_RETURN_TYPE = YES_ERROR;
				GCC_WARN_UNDECLARED_SELECTOR = YES;
				GCC_WARN_UNINITIALIZED_AUTOS = YES_AGGRESSIVE;
				GCC_WARN_UNUSED_FUNCTION = YES;
				GCC_WARN_UNUSED_VARIABLE = YES;
				IPHONEOS_DEPLOYMENT_TARGET = 12.0;
				MTL_ENABLE_DEBUG_INFO = NO;
				MTL_FAST_MATH = YES;
				SDKROOT = iphoneos;
				SWIFT_COMPILATION_MODE = wholemodule;
				SWIFT_OPTIMIZATION_LEVEL = "-O";
				VALIDATE_PRODUCT = YES;
			};
			name = "Release(Prod)";
		};
		263D7CDF2541993600132B9E /* Release(Prod) */ = {
			isa = XCBuildConfiguration;
			baseConfigurationReference = 2648F2922541A07D00CD893A /* Prod.xcconfig */;
			buildSettings = {
				ASSETCATALOG_COMPILER_APPICON_NAME = AppIcon;
				ASSETCATALOG_COMPILER_GLOBAL_ACCENT_COLOR_NAME = AccentColor;
				CODE_SIGN_ENTITLEMENTS = Fitnecs/Fitnecs.entitlements;
				CODE_SIGN_STYLE = Automatic;
				CURRENT_PROJECT_VERSION = 6;
				DEBUG_INFORMATION_FORMAT = "dwarf-with-dsym";
				DEVELOPMENT_TEAM = VS9ZZ3WKXQ;
				INFOPLIST_FILE = Fitnecs/Info.plist;
				IPHONEOS_DEPLOYMENT_TARGET = 11.0;
				LD_RUNPATH_SEARCH_PATHS = (
					"$(inherited)",
					"@executable_path/Frameworks",
				);
				MARKETING_VERSION = 1.1.3;
				PRODUCT_BUNDLE_IDENTIFIER = "$(PRODUCT_BUNDLE_IDENTIFIER)";
				PRODUCT_NAME = "$(TARGET_NAME)";
				SWIFT_VERSION = 5.0;
				TARGETED_DEVICE_FAMILY = 1;
			};
			name = "Release(Prod)";
		};
		CE842E5D251B509100C4CD96 /* Debug(Test) */ = {
			isa = XCBuildConfiguration;
			baseConfigurationReference = 2648F2912541A05C00CD893A /* Test.xcconfig */;
			buildSettings = {
				ALWAYS_SEARCH_USER_PATHS = NO;
				CLANG_ANALYZER_NONNULL = YES;
				CLANG_ANALYZER_NUMBER_OBJECT_CONVERSION = YES_AGGRESSIVE;
				CLANG_CXX_LANGUAGE_STANDARD = "gnu++14";
				CLANG_CXX_LIBRARY = "libc++";
				CLANG_ENABLE_MODULES = YES;
				CLANG_ENABLE_OBJC_ARC = YES;
				CLANG_ENABLE_OBJC_WEAK = YES;
				CLANG_WARN_BLOCK_CAPTURE_AUTORELEASING = YES;
				CLANG_WARN_BOOL_CONVERSION = YES;
				CLANG_WARN_COMMA = YES;
				CLANG_WARN_CONSTANT_CONVERSION = YES;
				CLANG_WARN_DEPRECATED_OBJC_IMPLEMENTATIONS = YES;
				CLANG_WARN_DIRECT_OBJC_ISA_USAGE = YES_ERROR;
				CLANG_WARN_DOCUMENTATION_COMMENTS = YES;
				CLANG_WARN_EMPTY_BODY = YES;
				CLANG_WARN_ENUM_CONVERSION = YES;
				CLANG_WARN_INFINITE_RECURSION = YES;
				CLANG_WARN_INT_CONVERSION = YES;
				CLANG_WARN_NON_LITERAL_NULL_CONVERSION = YES;
				CLANG_WARN_OBJC_IMPLICIT_RETAIN_SELF = YES;
				CLANG_WARN_OBJC_LITERAL_CONVERSION = YES;
				CLANG_WARN_OBJC_ROOT_CLASS = YES_ERROR;
				CLANG_WARN_QUOTED_INCLUDE_IN_FRAMEWORK_HEADER = YES;
				CLANG_WARN_RANGE_LOOP_ANALYSIS = YES;
				CLANG_WARN_STRICT_PROTOTYPES = YES;
				CLANG_WARN_SUSPICIOUS_MOVE = YES;
				CLANG_WARN_UNGUARDED_AVAILABILITY = YES_AGGRESSIVE;
				CLANG_WARN_UNREACHABLE_CODE = YES;
				CLANG_WARN__DUPLICATE_METHOD_MATCH = YES;
				COPY_PHASE_STRIP = NO;
				DEBUG_INFORMATION_FORMAT = dwarf;
				ENABLE_STRICT_OBJC_MSGSEND = YES;
				ENABLE_TESTABILITY = YES;
				GCC_C_LANGUAGE_STANDARD = gnu11;
				GCC_DYNAMIC_NO_PIC = NO;
				GCC_NO_COMMON_BLOCKS = YES;
				GCC_OPTIMIZATION_LEVEL = 0;
				GCC_PREPROCESSOR_DEFINITIONS = (
					"DEBUG=1",
					"$(inherited)",
				);
				GCC_WARN_64_TO_32_BIT_CONVERSION = YES;
				GCC_WARN_ABOUT_RETURN_TYPE = YES_ERROR;
				GCC_WARN_UNDECLARED_SELECTOR = YES;
				GCC_WARN_UNINITIALIZED_AUTOS = YES_AGGRESSIVE;
				GCC_WARN_UNUSED_FUNCTION = YES;
				GCC_WARN_UNUSED_VARIABLE = YES;
				IPHONEOS_DEPLOYMENT_TARGET = 12.0;
				MTL_ENABLE_DEBUG_INFO = INCLUDE_SOURCE;
				MTL_FAST_MATH = YES;
				ONLY_ACTIVE_ARCH = YES;
				SDKROOT = iphoneos;
				SWIFT_ACTIVE_COMPILATION_CONDITIONS = DEBUG;
				SWIFT_OPTIMIZATION_LEVEL = "-Onone";
			};
			name = "Debug(Test)";
		};
		CE842E5E251B509100C4CD96 /* Release(Test) */ = {
			isa = XCBuildConfiguration;
			baseConfigurationReference = 2648F2912541A05C00CD893A /* Test.xcconfig */;
			buildSettings = {
				ALWAYS_SEARCH_USER_PATHS = NO;
				CLANG_ANALYZER_NONNULL = YES;
				CLANG_ANALYZER_NUMBER_OBJECT_CONVERSION = YES_AGGRESSIVE;
				CLANG_CXX_LANGUAGE_STANDARD = "gnu++14";
				CLANG_CXX_LIBRARY = "libc++";
				CLANG_ENABLE_MODULES = YES;
				CLANG_ENABLE_OBJC_ARC = YES;
				CLANG_ENABLE_OBJC_WEAK = YES;
				CLANG_WARN_BLOCK_CAPTURE_AUTORELEASING = YES;
				CLANG_WARN_BOOL_CONVERSION = YES;
				CLANG_WARN_COMMA = YES;
				CLANG_WARN_CONSTANT_CONVERSION = YES;
				CLANG_WARN_DEPRECATED_OBJC_IMPLEMENTATIONS = YES;
				CLANG_WARN_DIRECT_OBJC_ISA_USAGE = YES_ERROR;
				CLANG_WARN_DOCUMENTATION_COMMENTS = YES;
				CLANG_WARN_EMPTY_BODY = YES;
				CLANG_WARN_ENUM_CONVERSION = YES;
				CLANG_WARN_INFINITE_RECURSION = YES;
				CLANG_WARN_INT_CONVERSION = YES;
				CLANG_WARN_NON_LITERAL_NULL_CONVERSION = YES;
				CLANG_WARN_OBJC_IMPLICIT_RETAIN_SELF = YES;
				CLANG_WARN_OBJC_LITERAL_CONVERSION = YES;
				CLANG_WARN_OBJC_ROOT_CLASS = YES_ERROR;
				CLANG_WARN_QUOTED_INCLUDE_IN_FRAMEWORK_HEADER = YES;
				CLANG_WARN_RANGE_LOOP_ANALYSIS = YES;
				CLANG_WARN_STRICT_PROTOTYPES = YES;
				CLANG_WARN_SUSPICIOUS_MOVE = YES;
				CLANG_WARN_UNGUARDED_AVAILABILITY = YES_AGGRESSIVE;
				CLANG_WARN_UNREACHABLE_CODE = YES;
				CLANG_WARN__DUPLICATE_METHOD_MATCH = YES;
				COPY_PHASE_STRIP = NO;
				DEBUG_INFORMATION_FORMAT = dwarf;
				ENABLE_NS_ASSERTIONS = NO;
				ENABLE_STRICT_OBJC_MSGSEND = YES;
				GCC_C_LANGUAGE_STANDARD = gnu11;
				GCC_NO_COMMON_BLOCKS = YES;
				GCC_WARN_64_TO_32_BIT_CONVERSION = YES;
				GCC_WARN_ABOUT_RETURN_TYPE = YES_ERROR;
				GCC_WARN_UNDECLARED_SELECTOR = YES;
				GCC_WARN_UNINITIALIZED_AUTOS = YES_AGGRESSIVE;
				GCC_WARN_UNUSED_FUNCTION = YES;
				GCC_WARN_UNUSED_VARIABLE = YES;
				IPHONEOS_DEPLOYMENT_TARGET = 12.0;
				MTL_ENABLE_DEBUG_INFO = NO;
				MTL_FAST_MATH = YES;
				SDKROOT = iphoneos;
				SWIFT_COMPILATION_MODE = wholemodule;
				SWIFT_OPTIMIZATION_LEVEL = "-O";
				VALIDATE_PRODUCT = YES;
			};
			name = "Release(Test)";
		};
		CE842E60251B509100C4CD96 /* Debug(Test) */ = {
			isa = XCBuildConfiguration;
			baseConfigurationReference = 2648F2912541A05C00CD893A /* Test.xcconfig */;
			buildSettings = {
				ASSETCATALOG_COMPILER_APPICON_NAME = AppIcon;
				ASSETCATALOG_COMPILER_GLOBAL_ACCENT_COLOR_NAME = AccentColor;
				CODE_SIGN_ENTITLEMENTS = Fitnecs/Fitnecs.entitlements;
				CODE_SIGN_STYLE = Automatic;
				CURRENT_PROJECT_VERSION = 6;
				DEBUG_INFORMATION_FORMAT = "dwarf-with-dsym";
				DEVELOPMENT_TEAM = VS9ZZ3WKXQ;
				INFOPLIST_FILE = Fitnecs/Info.plist;
				IPHONEOS_DEPLOYMENT_TARGET = 11.0;
				LD_RUNPATH_SEARCH_PATHS = (
					"$(inherited)",
					"@executable_path/Frameworks",
				);
				MARKETING_VERSION = 1.1.3;
				PRODUCT_BUNDLE_IDENTIFIER = "$(PRODUCT_BUNDLE_IDENTIFIER)";
				PRODUCT_NAME = "$(TARGET_NAME)";
				SWIFT_VERSION = 5.0;
				TARGETED_DEVICE_FAMILY = 1;
			};
			name = "Debug(Test)";
		};
		CE842E61251B509100C4CD96 /* Release(Test) */ = {
			isa = XCBuildConfiguration;
			baseConfigurationReference = 2648F2912541A05C00CD893A /* Test.xcconfig */;
			buildSettings = {
				ASSETCATALOG_COMPILER_APPICON_NAME = AppIcon;
				ASSETCATALOG_COMPILER_GLOBAL_ACCENT_COLOR_NAME = AccentColor;
				CODE_SIGN_ENTITLEMENTS = Fitnecs/Fitnecs.entitlements;
				CODE_SIGN_STYLE = Automatic;
				CURRENT_PROJECT_VERSION = 6;
				DEBUG_INFORMATION_FORMAT = "dwarf-with-dsym";
				DEVELOPMENT_TEAM = VS9ZZ3WKXQ;
				INFOPLIST_FILE = Fitnecs/Info.plist;
				IPHONEOS_DEPLOYMENT_TARGET = 11.0;
				LD_RUNPATH_SEARCH_PATHS = (
					"$(inherited)",
					"@executable_path/Frameworks",
				);
				MARKETING_VERSION = 1.1.3;
				PRODUCT_BUNDLE_IDENTIFIER = "$(PRODUCT_BUNDLE_IDENTIFIER)";
				PRODUCT_NAME = "$(TARGET_NAME)";
				SWIFT_VERSION = 5.0;
				TARGETED_DEVICE_FAMILY = 1;
			};
			name = "Release(Test)";
		};
/* End XCBuildConfiguration section */

/* Begin XCConfigurationList section */
		CE842E46251B508D00C4CD96 /* Build configuration list for PBXProject "Fitnecs" */ = {
			isa = XCConfigurationList;
			buildConfigurations = (
				CE842E5D251B509100C4CD96 /* Debug(Test) */,
				263D7CDC2541991C00132B9E /* Debug(Prod) */,
				CE842E5E251B509100C4CD96 /* Release(Test) */,
				263D7CDE2541993600132B9E /* Release(Prod) */,
			);
			defaultConfigurationIsVisible = 0;
			defaultConfigurationName = "Release(Test)";
		};
		CE842E5F251B509100C4CD96 /* Build configuration list for PBXNativeTarget "Fitnecs" */ = {
			isa = XCConfigurationList;
			buildConfigurations = (
				CE842E60251B509100C4CD96 /* Debug(Test) */,
				263D7CDD2541991C00132B9E /* Debug(Prod) */,
				CE842E61251B509100C4CD96 /* Release(Test) */,
				263D7CDF2541993600132B9E /* Release(Prod) */,
			);
			defaultConfigurationIsVisible = 0;
			defaultConfigurationName = "Release(Test)";
		};
/* End XCConfigurationList section */
	};
	rootObject = CE842E43251B508D00C4CD96 /* Project object */;
}
